{
  "version": 4,
  "terraform_version": "1.9.8",
  "serial": 45,
  "lineage": "ae105efe-8fca-ccc2-87e0-15af529876ef",
  "outputs": {
    "private_vm_private_ip": {
      "value": "10.0.2.27",
      "type": "string"
    },
    "public_vm_public_ip": {
      "value": "52.91.45.38",
      "type": "string"
    }
  },
  "resources": [
    {
      "module": "module.ec2",
      "mode": "managed",
      "type": "aws_instance",
      "name": "private_vm",
      "provider": "provider[\"registry.terraform.io/hashicorp/aws\"]",
      "instances": [
        {
          "schema_version": 1,
          "attributes": {
            "ami": "ami-01184db239e4c756c",
            "arn": "arn:aws:ec2:us-east-1:980921722839:instance/i-0df43c83dd7871dd9",
            "associate_public_ip_address": false,
            "availability_zone": "us-east-1a",
            "capacity_reservation_specification": [
              {
                "capacity_reservation_preference": "open",
                "capacity_reservation_target": []
              }
            ],
            "cpu_core_count": 1,
            "cpu_options": [
              {
                "amd_sev_snp": "",
                "core_count": 1,
                "threads_per_core": 1
              }
            ],
            "cpu_threads_per_core": 1,
            "credit_specification": [
              {
                "cpu_credits": "standard"
              }
            ],
            "disable_api_stop": false,
            "disable_api_termination": false,
            "ebs_block_device": [],
            "ebs_optimized": false,
            "enclave_options": [
              {
                "enabled": false
              }
            ],
            "ephemeral_block_device": [],
            "get_password_data": false,
            "hibernation": false,
            "host_id": "",
            "host_resource_group_arn": null,
            "iam_instance_profile": "",
            "id": "i-0df43c83dd7871dd9",
            "instance_initiated_shutdown_behavior": "stop",
            "instance_lifecycle": "",
            "instance_market_options": [],
            "instance_state": "running",
            "instance_type": "t2.micro",
            "ipv6_address_count": 0,
            "ipv6_addresses": [],
            "key_name": "terraform-key",
            "launch_template": [],
            "maintenance_options": [
              {
                "auto_recovery": "default"
              }
            ],
            "metadata_options": [
              {
                "http_endpoint": "enabled",
                "http_protocol_ipv6": "disabled",
                "http_put_response_hop_limit": 1,
                "http_tokens": "optional",
                "instance_metadata_tags": "disabled"
              }
            ],
            "monitoring": false,
            "network_interface": [],
            "outpost_arn": "",
            "password_data": "",
            "placement_group": "",
            "placement_partition_number": 0,
            "primary_network_interface_id": "eni-049038fabc2001f08",
            "private_dns": "ip-10-0-2-27.ec2.internal",
            "private_dns_name_options": [
              {
                "enable_resource_name_dns_a_record": false,
                "enable_resource_name_dns_aaaa_record": false,
                "hostname_type": "ip-name"
              }
            ],
            "private_ip": "10.0.2.27",
            "public_dns": "",
            "public_ip": "",
            "root_block_device": [
              {
                "delete_on_termination": true,
                "device_name": "/dev/xvda",
                "encrypted": false,
                "iops": 0,
                "kms_key_id": "",
                "tags": {},
                "tags_all": {},
                "throughput": 0,
                "volume_id": "vol-0dcc8c84d55abd813",
                "volume_size": 8,
                "volume_type": "standard"
              }
            ],
            "secondary_private_ips": [],
            "security_groups": [],
            "source_dest_check": true,
            "spot_instance_request_id": "",
            "subnet_id": "subnet-0f1f66625299536cf",
            "tags": {
              "Name": "private_vm"
            },
            "tags_all": {
              "Name": "private_vm"
            },
            "tenancy": "default",
            "timeouts": null,
            "user_data": null,
            "user_data_base64": null,
            "user_data_replace_on_change": false,
            "volume_tags": null,
            "vpc_security_group_ids": [
              "sg-03e278eab4c9721dc"
            ]
          },
          "sensitive_attributes": [],
          "private": "eyJlMmJmYjczMC1lY2FhLTExZTYtOGY4OC0zNDM2M2JjN2M0YzAiOnsiY3JlYXRlIjo2MDAwMDAwMDAwMDAsImRlbGV0ZSI6MTIwMDAwMDAwMDAwMCwicmVhZCI6OTAwMDAwMDAwMDAwLCJ1cGRhdGUiOjYwMDAwMDAwMDAwMH0sInNjaGVtYV92ZXJzaW9uIjoiMSJ9",
          "dependencies": [
            "module.networking.aws_subnet.private_subnet",
            "module.networking.aws_vpc.custom_vpc",
            "module.ssh-key.aws_key_pair.key_pair"
          ]
        }
      ]
    },
    {
      "module": "module.ec2",
      "mode": "managed",
      "type": "aws_instance",
      "name": "public_vm",
      "provider": "provider[\"registry.terraform.io/hashicorp/aws\"]",
      "instances": [
        {
          "schema_version": 1,
          "attributes": {
            "ami": "ami-01184db239e4c756c",
            "arn": "arn:aws:ec2:us-east-1:980921722839:instance/i-0602add79efe02d1c",
            "associate_public_ip_address": true,
            "availability_zone": "us-east-1a",
            "capacity_reservation_specification": [
              {
                "capacity_reservation_preference": "open",
                "capacity_reservation_target": []
              }
            ],
            "cpu_core_count": 1,
            "cpu_options": [
              {
                "amd_sev_snp": "",
                "core_count": 1,
                "threads_per_core": 1
              }
            ],
            "cpu_threads_per_core": 1,
            "credit_specification": [
              {
                "cpu_credits": "standard"
              }
            ],
            "disable_api_stop": false,
            "disable_api_termination": false,
            "ebs_block_device": [],
            "ebs_optimized": false,
            "enclave_options": [
              {
                "enabled": false
              }
            ],
            "ephemeral_block_device": [],
            "get_password_data": false,
            "hibernation": false,
            "host_id": "",
            "host_resource_group_arn": null,
            "iam_instance_profile": "",
            "id": "i-0602add79efe02d1c",
            "instance_initiated_shutdown_behavior": "stop",
            "instance_lifecycle": "",
            "instance_market_options": [],
            "instance_state": "running",
            "instance_type": "t2.micro",
            "ipv6_address_count": 0,
            "ipv6_addresses": [],
            "key_name": "terraform-key",
            "launch_template": [],
            "maintenance_options": [
              {
                "auto_recovery": "default"
              }
            ],
            "metadata_options": [
              {
                "http_endpoint": "enabled",
                "http_protocol_ipv6": "disabled",
                "http_put_response_hop_limit": 1,
                "http_tokens": "optional",
                "instance_metadata_tags": "disabled"
              }
            ],
            "monitoring": false,
            "network_interface": [],
            "outpost_arn": "",
            "password_data": "",
            "placement_group": "",
            "placement_partition_number": 0,
            "primary_network_interface_id": "eni-036d87d060eafc10d",
            "private_dns": "ip-10-0-1-151.ec2.internal",
            "private_dns_name_options": [
              {
                "enable_resource_name_dns_a_record": false,
                "enable_resource_name_dns_aaaa_record": false,
                "hostname_type": "ip-name"
              }
            ],
            "private_ip": "10.0.1.151",
            "public_dns": "ec2-52-91-45-38.compute-1.amazonaws.com",
            "public_ip": "52.91.45.38",
            "root_block_device": [
              {
                "delete_on_termination": true,
                "device_name": "/dev/xvda",
                "encrypted": false,
                "iops": 0,
                "kms_key_id": "",
                "tags": {},
                "tags_all": {},
                "throughput": 0,
                "volume_id": "vol-0eee15393fadbdbea",
                "volume_size": 8,
                "volume_type": "standard"
              }
            ],
            "secondary_private_ips": [],
            "security_groups": [],
            "source_dest_check": true,
            "spot_instance_request_id": "",
            "subnet_id": "subnet-02b29193f5a546d83",
            "tags": {
              "Name": "public_vm"
            },
            "tags_all": {
              "Name": "public_vm"
            },
            "tenancy": "default",
            "timeouts": null,
            "user_data": "60b8b8b1f392d8f6d767aa8d0f104822ac8ecd4e",
            "user_data_base64": null,
            "user_data_replace_on_change": false,
            "volume_tags": null,
            "vpc_security_group_ids": [
              "sg-03e278eab4c9721dc"
            ]
          },
          "sensitive_attributes": [],
          "private": "eyJlMmJmYjczMC1lY2FhLTExZTYtOGY4OC0zNDM2M2JjN2M0YzAiOnsiY3JlYXRlIjo2MDAwMDAwMDAwMDAsImRlbGV0ZSI6MTIwMDAwMDAwMDAwMCwicmVhZCI6OTAwMDAwMDAwMDAwLCJ1cGRhdGUiOjYwMDAwMDAwMDAwMH0sInNjaGVtYV92ZXJzaW9uIjoiMSJ9",
          "dependencies": [
            "module.networking.aws_subnet.public_subnet",
            "module.networking.aws_vpc.custom_vpc",
            "module.ssh-key.aws_key_pair.key_pair"
          ]
        }
      ]
    },
    {
      "module": "module.networking",
      "mode": "managed",
      "type": "aws_internet_gateway",
      "name": "igw",
      "provider": "provider[\"registry.terraform.io/hashicorp/aws\"]",
      "instances": [
        {
          "schema_version": 0,
          "attributes": {
            "arn": "arn:aws:ec2:us-east-1:980921722839:internet-gateway/igw-02e30c74811b2a7eb",
            "id": "igw-02e30c74811b2a7eb",
            "owner_id": "980921722839",
            "tags": {
              "Name": "custom_igw"
            },
            "tags_all": {
              "Name": "custom_igw"
            },
            "timeouts": null,
            "vpc_id": "vpc-0c17d9cb6b06a7158"
          },
          "sensitive_attributes": [],
          "private": "eyJlMmJmYjczMC1lY2FhLTExZTYtOGY4OC0zNDM2M2JjN2M0YzAiOnsiY3JlYXRlIjoxMjAwMDAwMDAwMDAwLCJkZWxldGUiOjEyMDAwMDAwMDAwMDAsInVwZGF0ZSI6MTIwMDAwMDAwMDAwMH19",
          "dependencies": [
            "module.networking.aws_vpc.custom_vpc"
          ]
        }
      ]
    },
    {
      "module": "module.networking",
      "mode": "managed",
      "type": "aws_route",
      "name": "public_internet_route",
      "provider": "provider[\"registry.terraform.io/hashicorp/aws\"]",
      "instances": [
        {
          "schema_version": 0,
          "attributes": {
            "carrier_gateway_id": "",
            "core_network_arn": "",
            "destination_cidr_block": "0.0.0.0/0",
            "destination_ipv6_cidr_block": "",
            "destination_prefix_list_id": "",
            "egress_only_gateway_id": "",
            "gateway_id": "igw-02e30c74811b2a7eb",
            "id": "r-rtb-056e61f4822827cc81080289494",
            "instance_id": "",
            "instance_owner_id": "",
            "local_gateway_id": "",
            "nat_gateway_id": "",
            "network_interface_id": "",
            "origin": "CreateRoute",
            "route_table_id": "rtb-056e61f4822827cc8",
            "state": "active",
            "timeouts": null,
            "transit_gateway_id": "",
            "vpc_endpoint_id": "",
            "vpc_peering_connection_id": ""
          },
          "sensitive_attributes": [],
          "private": "eyJlMmJmYjczMC1lY2FhLTExZTYtOGY4OC0zNDM2M2JjN2M0YzAiOnsiY3JlYXRlIjozMDAwMDAwMDAwMDAsImRlbGV0ZSI6MzAwMDAwMDAwMDAwLCJ1cGRhdGUiOjEyMDAwMDAwMDAwMH19",
          "dependencies": [
            "module.networking.aws_internet_gateway.igw",
            "module.networking.aws_route_table.public_rt",
            "module.networking.aws_vpc.custom_vpc"
          ]
        }
      ]
    },
    {
      "module": "module.networking",
      "mode": "managed",
      "type": "aws_route_table",
      "name": "public_rt",
      "provider": "provider[\"registry.terraform.io/hashicorp/aws\"]",
      "instances": [
        {
          "schema_version": 0,
          "attributes": {
            "arn": "arn:aws:ec2:us-east-1:980921722839:route-table/rtb-056e61f4822827cc8",
            "id": "rtb-056e61f4822827cc8",
            "owner_id": "980921722839",
            "propagating_vgws": [],
            "route": [],
            "tags": {
              "Name": "public_rt"
            },
            "tags_all": {
              "Name": "public_rt"
            },
            "timeouts": null,
            "vpc_id": "vpc-0c17d9cb6b06a7158"
          },
          "sensitive_attributes": [],
          "private": "eyJlMmJmYjczMC1lY2FhLTExZTYtOGY4OC0zNDM2M2JjN2M0YzAiOnsiY3JlYXRlIjozMDAwMDAwMDAwMDAsImRlbGV0ZSI6MzAwMDAwMDAwMDAwLCJ1cGRhdGUiOjEyMDAwMDAwMDAwMH19",
          "dependencies": [
            "module.networking.aws_vpc.custom_vpc"
          ]
        }
      ]
    },
    {
      "module": "module.networking",
      "mode": "managed",
      "type": "aws_route_table_association",
      "name": "public_subnet_association",
      "provider": "provider[\"registry.terraform.io/hashicorp/aws\"]",
      "instances": [
        {
          "schema_version": 0,
          "attributes": {
            "gateway_id": "",
            "id": "rtbassoc-0d6bc48243cf12235",
            "route_table_id": "rtb-056e61f4822827cc8",
            "subnet_id": "subnet-02b29193f5a546d83",
            "timeouts": null
          },
          "sensitive_attributes": [],
          "private": "eyJlMmJmYjczMC1lY2FhLTExZTYtOGY4OC0zNDM2M2JjN2M0YzAiOnsiY3JlYXRlIjozMDAwMDAwMDAwMDAsImRlbGV0ZSI6MzAwMDAwMDAwMDAwLCJ1cGRhdGUiOjEyMDAwMDAwMDAwMH19",
          "dependencies": [
            "module.networking.aws_route_table.public_rt",
            "module.networking.aws_subnet.public_subnet",
            "module.networking.aws_vpc.custom_vpc"
          ]
        }
      ]
    },
    {
      "module": "module.networking",
      "mode": "managed",
      "type": "aws_subnet",
      "name": "private_subnet",
      "provider": "provider[\"registry.terraform.io/hashicorp/aws\"]",
      "instances": [
        {
          "schema_version": 1,
          "attributes": {
            "arn": "arn:aws:ec2:us-east-1:980921722839:subnet/subnet-0f1f66625299536cf",
            "assign_ipv6_address_on_creation": false,
            "availability_zone": "us-east-1a",
            "availability_zone_id": "use1-az2",
            "cidr_block": "10.0.2.0/24",
            "customer_owned_ipv4_pool": "",
            "enable_dns64": false,
            "enable_lni_at_device_index": 0,
            "enable_resource_name_dns_a_record_on_launch": false,
            "enable_resource_name_dns_aaaa_record_on_launch": false,
            "id": "subnet-0f1f66625299536cf",
            "ipv6_cidr_block": "",
            "ipv6_cidr_block_association_id": "",
            "ipv6_native": false,
            "map_customer_owned_ip_on_launch": false,
            "map_public_ip_on_launch": false,
            "outpost_arn": "",
            "owner_id": "980921722839",
            "private_dns_hostname_type_on_launch": "ip-name",
            "tags": {
              "Name": "private_subnet"
            },
            "tags_all": {
              "Name": "private_subnet"
            },
            "timeouts": null,
            "vpc_id": "vpc-0c17d9cb6b06a7158"
          },
          "sensitive_attributes": [],
          "private": "eyJlMmJmYjczMC1lY2FhLTExZTYtOGY4OC0zNDM2M2JjN2M0YzAiOnsiY3JlYXRlIjo2MDAwMDAwMDAwMDAsImRlbGV0ZSI6MTIwMDAwMDAwMDAwMH0sInNjaGVtYV92ZXJzaW9uIjoiMSJ9",
          "dependencies": [
            "module.networking.aws_vpc.custom_vpc"
          ]
        }
      ]
    },
    {
      "module": "module.networking",
      "mode": "managed",
      "type": "aws_subnet",
      "name": "public_subnet",
      "provider": "provider[\"registry.terraform.io/hashicorp/aws\"]",
      "instances": [
        {
          "schema_version": 1,
          "attributes": {
            "arn": "arn:aws:ec2:us-east-1:980921722839:subnet/subnet-02b29193f5a546d83",
            "assign_ipv6_address_on_creation": false,
            "availability_zone": "us-east-1a",
            "availability_zone_id": "use1-az2",
            "cidr_block": "10.0.1.0/24",
            "customer_owned_ipv4_pool": "",
            "enable_dns64": false,
            "enable_lni_at_device_index": 0,
            "enable_resource_name_dns_a_record_on_launch": false,
            "enable_resource_name_dns_aaaa_record_on_launch": false,
            "id": "subnet-02b29193f5a546d83",
            "ipv6_cidr_block": "",
            "ipv6_cidr_block_association_id": "",
            "ipv6_native": false,
            "map_customer_owned_ip_on_launch": false,
            "map_public_ip_on_launch": true,
            "outpost_arn": "",
            "owner_id": "980921722839",
            "private_dns_hostname_type_on_launch": "ip-name",
            "tags": {
              "Name": "public_subnet"
            },
            "tags_all": {
              "Name": "public_subnet"
            },
            "timeouts": null,
            "vpc_id": "vpc-0c17d9cb6b06a7158"
          },
          "sensitive_attributes": [],
          "private": "eyJlMmJmYjczMC1lY2FhLTExZTYtOGY4OC0zNDM2M2JjN2M0YzAiOnsiY3JlYXRlIjo2MDAwMDAwMDAwMDAsImRlbGV0ZSI6MTIwMDAwMDAwMDAwMH0sInNjaGVtYV92ZXJzaW9uIjoiMSJ9",
          "dependencies": [
            "module.networking.aws_vpc.custom_vpc"
          ]
        }
      ]
    },
    {
      "module": "module.networking",
      "mode": "managed",
      "type": "aws_vpc",
      "name": "custom_vpc",
      "provider": "provider[\"registry.terraform.io/hashicorp/aws\"]",
      "instances": [
        {
          "schema_version": 1,
          "attributes": {
            "arn": "arn:aws:ec2:us-east-1:980921722839:vpc/vpc-0c17d9cb6b06a7158",
            "assign_generated_ipv6_cidr_block": false,
            "cidr_block": "10.0.0.0/16",
            "default_network_acl_id": "acl-089ce6a12f628f833",
            "default_route_table_id": "rtb-0bf3087bc25e86ccd",
            "default_security_group_id": "sg-03e278eab4c9721dc",
            "dhcp_options_id": "dopt-00c625ef7b339b97f",
            "enable_dns_hostnames": true,
            "enable_dns_support": true,
            "enable_network_address_usage_metrics": false,
            "id": "vpc-0c17d9cb6b06a7158",
            "instance_tenancy": "default",
            "ipv4_ipam_pool_id": null,
            "ipv4_netmask_length": null,
            "ipv6_association_id": "",
            "ipv6_cidr_block": "",
            "ipv6_cidr_block_network_border_group": "",
            "ipv6_ipam_pool_id": "",
            "ipv6_netmask_length": 0,
            "main_route_table_id": "rtb-0bf3087bc25e86ccd",
            "owner_id": "980921722839",
            "tags": {
              "Name": "custom_vpc"
            },
            "tags_all": {
              "Name": "custom_vpc"
            }
          },
          "sensitive_attributes": [],
          "private": "eyJzY2hlbWFfdmVyc2lvbiI6IjEifQ=="
        }
      ]
    },
    {
      "module": "module.ssh-key",
      "mode": "managed",
      "type": "aws_key_pair",
      "name": "key_pair",
      "provider": "provider[\"registry.terraform.io/hashicorp/aws\"]",
      "instances": [
        {
          "schema_version": 1,
          "attributes": {
            "arn": "arn:aws:ec2:us-east-1:980921722839:key-pair/terraform-key",
            "fingerprint": "52:33:68:c8:cb:b0:1e:fb:e9:01:06:85:9f:70:e7:91",
            "id": "terraform-key",
            "key_name": "terraform-key",
            "key_name_prefix": "",
            "key_pair_id": "key-050a290661ef9062d",
            "key_type": "rsa",
            "public_key": "ssh-rsa AAAAB3NzaC1yc2EAAAADAQABAAABgQDA7rZ3NMHYD/QOVDZK6qWRl1uiVqZ5l56PhD35/LMwzYNBtkhhrNZO5QuKhFBGv5S/uiCHm61BhlPiSVWx2cvweHqgnubQK24jpNC50f5X48XfbJd8ebtS6cCuoVxmsScJirYlnB5hmAdTCMLSh/m/LireL6wvNECgJ8J6CjqIb+KYtMqoEHncab1Gjpf6q5NRei4CBS04nYGmQPOIBqzwzILRmXRtbENaBaMT8QZsRzI2JSzUWAerOB8XHPn6zXFwHTYlg/Ip6BawQzCI+o13sHqxHxaYQhzh2ivn27pOxekg+ECpZRDmI8dV1/TASxf6vvLc5CPpRC6q3jUVvU2DM+29Jy5WE35ASdGspHzsKi48w4u1PBi5H8JdmQsV63f6AWpdHayqfXVCh3af7IIDqll8IvgCXd+s8yFast9XGs2tJHwspU/BSLJHEn6XdT69RWeq4ELTuurdDM5MC32a41OmLlMqMlw+12/SrDkRFM5puCXDnwsfm8FqMAi+4JU= jssangamesh01@gmail.com",
            "tags": null,
            "tags_all": {}
          },
          "sensitive_attributes": [],
          "private": "eyJzY2hlbWFfdmVyc2lvbiI6IjEifQ=="
        }
      ]
    },
    {
      "module": "module.ssh-key",
      "mode": "managed",
      "type": "tls_private_key",
      "name": "key_pair",
      "provider": "provider[\"registry.terraform.io/hashicorp/tls\"]",
      "instances": [
        {
          "schema_version": 1,
          "attributes": {
            "algorithm": "RSA",
            "ecdsa_curve": "P224",
            "id": "7d8a62797451a2cb16ed5d90ff56d08010606699",
            "private_key_openssh": "-----BEGIN OPENSSH PRIVATE KEY-----\nb3BlbnNzaC1rZXktdjEAAAAABG5vbmUAAAAEbm9uZQAAAAAAAAABAAACFwAAAAdz\nc2gtcnNhAAAAAwEAAQAAAgEA3Tu5wXk33DBfg70kN83hHz4V4OTiPyWxIf+7CuJb\njaZuMx665PXYmYFu25gpW7GmIZyU7QHl3wrg8//R2uCMxIy4t6OjIaO/mG4kP+Ug\nuZaiifzcZco9S1RU+8VgEtVShyhRLCjwgxY6DxFx97Pp5cqAI8Tp5LTi31qkhcqr\n8xkOd8EGxZe0SvB9b05F2Lr6q8rkW3Q2Lh52XUopsiLGMfuXMCwUG9fJg4lQ68qV\n6nfqiXAnB63T2p0bi8rAXeOCOLCEr1icCfwEhE4WISbITvBSpAwTdhSkORLsJzkk\n1dgkNEcALjUJnjd96Dmyar2TB8Kizw+mNX7HVcqvhKwVW4FYr9qlofbG5Kzv4akh\naBy9sFnv+jli9vCHrrP+N2pD7ihes6K65IgNu213I/i9zw1FERTyg053KlaKum5I\n2RRQrHDt+yLs2IKfg2tv46d8tIzTWYZFsrJf2VMBXcOg7j/3bWwiTOzC3JCBqmFt\nYggG20ODk0QxvMuvWBynmT9YmzGdQqC4jExSMMK23ie8ME6E/Y/DHX3HHyVbFhYV\nPMd+AA/zAZfQml4BJS//LogXerBgyooei8wih/CXqEehlwEcoF2kLhFIL4eGTMvV\ncI3hVsHIedqOHo7b5vpGKVcdu+GLX/cJ95PejrCHbVsIBtmaWt72LLIeTy7nQJhW\nCgUAAAc4e/u4Hnv7uB4AAAAHc3NoLXJzYQAAAgEA3Tu5wXk33DBfg70kN83hHz4V\n4OTiPyWxIf+7CuJbjaZuMx665PXYmYFu25gpW7GmIZyU7QHl3wrg8//R2uCMxIy4\nt6OjIaO/mG4kP+UguZaiifzcZco9S1RU+8VgEtVShyhRLCjwgxY6DxFx97Pp5cqA\nI8Tp5LTi31qkhcqr8xkOd8EGxZe0SvB9b05F2Lr6q8rkW3Q2Lh52XUopsiLGMfuX\nMCwUG9fJg4lQ68qV6nfqiXAnB63T2p0bi8rAXeOCOLCEr1icCfwEhE4WISbITvBS\npAwTdhSkORLsJzkk1dgkNEcALjUJnjd96Dmyar2TB8Kizw+mNX7HVcqvhKwVW4FY\nr9qlofbG5Kzv4akhaBy9sFnv+jli9vCHrrP+N2pD7ihes6K65IgNu213I/i9zw1F\nERTyg053KlaKum5I2RRQrHDt+yLs2IKfg2tv46d8tIzTWYZFsrJf2VMBXcOg7j/3\nbWwiTOzC3JCBqmFtYggG20ODk0QxvMuvWBynmT9YmzGdQqC4jExSMMK23ie8ME6E\n/Y/DHX3HHyVbFhYVPMd+AA/zAZfQml4BJS//LogXerBgyooei8wih/CXqEehlwEc\noF2kLhFIL4eGTMvVcI3hVsHIedqOHo7b5vpGKVcdu+GLX/cJ95PejrCHbVsIBtma\nWt72LLIeTy7nQJhWCgUAAAADAQABAAACAHPJWoMD6lR3jMXqLBZ4ziYH3HOD11Wt\naHOe4EnmBnywamSe5LoIYYCV2Wtcy+iNpaFZziftIl4F145ciXzAoWwNKnASWMK2\nbQReQOKgDOyVBiSqDr/HhSTz0jajKpEwzKyoUTOHiblR3LkeLEO0CeqWfVI7MR7d\n/Q9g5VKQrEXjC0tp3x1zNI00KLIkiTHRSni3C6VBwUmJ7/ELa58rzAdE4e/4Yd3g\npjsNlyiRMr0wXbPo2sSOGZ8FMvGK//sjo3gACrGq8p/XIpYMOFDJd3S5Gsd4+oaG\nbxzf5nDw23KAWRJzRojogUwpRuBPsi1jYpxhJcyxKBA/dhxUpGAPoGz2vHF8rd6e\nbN5GI4cyf7zK6zbW1wNqnIaGbz/dFOM83szKwJfJVonJnGDpeE4hoYNvGC1RMnaR\ndD3PaQfgo5lIF6Fv/wH2lCnWOQ40QSaFulBbbhrbDq1AZhaBkdQ+eCKGHKz15UZd\nO7ET3OKcPY96eoxHI3tZGl7D2ekR6hNbfuEqYlkfUUO1d4KCiz0ACWBFD/LuuPjF\ngfOnxyb2/wMMkDF7Jnuwv3OKxDcEcUtAUi3jDTpnhgEq3wD3oJTlkYiDolKYrl6O\nSmK087vCCCCSSdyfuE+Ir28AXL6naUaF0jLdXAaPdPg+Je2i32HA/bgsVMbV92Hg\npgBFrrUlumLRAAABADYm0XbtDGPecRpTYvLx87YA/bD2/irfOv6JXucvnMkOBqwF\npD41/94JQ0oY4SWl1EtkR+cPa0uCY12Ub+1IEeIhMera2i3lMqQo1AXnQV3DASdS\nl92a1qM/2wKRelVQHG8HTF7qL3mLlBtXy5JGbDQ5kbuYB18qgkBGABrz9RCIUS/D\ndpmA281ijrD1iLMfLnScmAhMxjVPz9xwYJpkjPBDe0x6dEQNRvS0LPMGaqi3PU6i\nJlRxBakmNp0rLE5VfMrSH8OZwm/j+9PsbiY2qE+AlEO8XtNhP0aek+79rZRsxBO4\ng5wB0ZKpwlNVohd8iuHzQpztDd/F/NDj0BJTzXEAAAEBAO9gwEXFEnV/d10AtZZj\nYD3nZ83iRTmw/ZF+NoSUT8NoMy37H8fwOFitKw4zoqvXQGQaTbyrVQZIe+PFxU8F\nCC1dYMmvslsbRza6/SmZziXEepVanZF4QU60lz1TfBtyALVWmRtNJNijfa9BFlTH\nHLNmc+ZHVsAvmSAbTXLJf+mfXGAJkhqxO2p50lSdOvkLhrlKF/QY3ED5EmLiqpNT\ncfSeMa1BlVX22oUbySbgoYXwjrHxZQnGoRkpRnzJFYXzpk5jeHc5erkrhx32A6em\n3LX2OQFxeUqZd/qeha3vSGWi/YgzBwaAPL7GndL3wOdA29txdIGpXRv5WU23UdOC\n7KsAAAEBAOyYbjb9jeQCwc6fRbPu6EtyWSF1yrh2pTCo/km1rCtGxnXbEKkoF872\nNFFXsIPsswTK5efg5uav9KsF/D6s6x3QzW6yMZJsY3PQ6DL5Quxh7qGm9hqG3X+W\nbZW4tHw8LP6tdvFAqOGBGJs6vQBCOz1TPWgLWLGVO2ros4zbC1nyO2+KDOFOE+ZE\n+o1neIauv92noERAqgmGXHUggja7vxgcokQQGWrgb0EPJGHnSv0Yk0mspYDRaxh6\nDErONgsLApoaKlsFLAo3GexOkj287tIytvs0lfmtXHPZjgxsB+jn6lPcNtHw4N+O\nX8w8+QaLmZ4FpfLLIBLBv3zTLzDmhA8AAAAAAQID\n-----END OPENSSH PRIVATE KEY-----\n",
            "private_key_pem": "-----BEGIN RSA PRIVATE KEY-----\nMIIJJwIBAAKCAgEA3Tu5wXk33DBfg70kN83hHz4V4OTiPyWxIf+7CuJbjaZuMx66\n5PXYmYFu25gpW7GmIZyU7QHl3wrg8//R2uCMxIy4t6OjIaO/mG4kP+UguZaiifzc\nZco9S1RU+8VgEtVShyhRLCjwgxY6DxFx97Pp5cqAI8Tp5LTi31qkhcqr8xkOd8EG\nxZe0SvB9b05F2Lr6q8rkW3Q2Lh52XUopsiLGMfuXMCwUG9fJg4lQ68qV6nfqiXAn\nB63T2p0bi8rAXeOCOLCEr1icCfwEhE4WISbITvBSpAwTdhSkORLsJzkk1dgkNEcA\nLjUJnjd96Dmyar2TB8Kizw+mNX7HVcqvhKwVW4FYr9qlofbG5Kzv4akhaBy9sFnv\n+jli9vCHrrP+N2pD7ihes6K65IgNu213I/i9zw1FERTyg053KlaKum5I2RRQrHDt\n+yLs2IKfg2tv46d8tIzTWYZFsrJf2VMBXcOg7j/3bWwiTOzC3JCBqmFtYggG20OD\nk0QxvMuvWBynmT9YmzGdQqC4jExSMMK23ie8ME6E/Y/DHX3HHyVbFhYVPMd+AA/z\nAZfQml4BJS//LogXerBgyooei8wih/CXqEehlwEcoF2kLhFIL4eGTMvVcI3hVsHI\nedqOHo7b5vpGKVcdu+GLX/cJ95PejrCHbVsIBtmaWt72LLIeTy7nQJhWCgUCAwEA\nAQKCAgBzyVqDA+pUd4zF6iwWeM4mB9xzg9dVrWhznuBJ5gZ8sGpknuS6CGGAldlr\nXMvojaWhWc4n7SJeBdeOXIl8wKFsDSpwEljCtm0EXkDioAzslQYkqg6/x4Uk89I2\noyqRMMysqFEzh4m5Udy5HixDtAnqln1SOzEe3f0PYOVSkKxF4wtLad8dczSNNCiy\nJIkx0Up4twulQcFJie/xC2ufK8wHROHv+GHd4KY7DZcokTK9MF2z6NrEjhmfBTLx\niv/7I6N4AAqxqvKf1yKWDDhQyXd0uRrHePqGhm8c3+Zw8NtygFkSc0aI6IFMKUbg\nT7ItY2KcYSXMsSgQP3YcVKRgD6Bs9rxxfK3enmzeRiOHMn+8yus21tcDapyGhm8/\n3RTjPN7MysCXyVaJyZxg6XhOIaGDbxgtUTJ2kXQ9z2kH4KOZSBehb/8B9pQp1jkO\nNEEmhbpQW24a2w6tQGYWgZHUPngihhys9eVGXTuxE9zinD2PenqMRyN7WRpew9np\nEeoTW37hKmJZH1FDtXeCgos9AAlgRQ/y7rj4xYHzp8cm9v8DDJAxeyZ7sL9zisQ3\nBHFLQFIt4w06Z4YBKt8A96CU5ZGIg6JSmK5ejkpitPO7wgggkkncn7hPiK9vAFy+\np2lGhdIy3VwGj3T4PiXtot9hwP24LFTG1fdh4KYARa61Jbpi0QKCAQEA72DARcUS\ndX93XQC1lmNgPednzeJFObD9kX42hJRPw2gzLfsfx/A4WK0rDjOiq9dAZBpNvKtV\nBkh748XFTwUILV1gya+yWxtHNrr9KZnOJcR6lVqdkXhBTrSXPVN8G3IAtVaZG00k\n2KN9r0EWVMccs2Zz5kdWwC+ZIBtNcsl/6Z9cYAmSGrE7annSVJ06+QuGuUoX9Bjc\nQPkSYuKqk1Nx9J4xrUGVVfbahRvJJuChhfCOsfFlCcahGSlGfMkVhfOmTmN4dzl6\nuSuHHfYDp6bctfY5AXF5Spl3+p6Fre9IZaL9iDMHBoA8vsad0vfA50Db23F0gald\nG/lZTbdR04LsqwKCAQEA7JhuNv2N5ALBzp9Fs+7oS3JZIXXKuHalMKj+SbWsK0bG\nddsQqSgXzvY0UVewg+yzBMrl5+Dm5q/0qwX8PqzrHdDNbrIxkmxjc9DoMvlC7GHu\noab2Gobdf5Ztlbi0fDws/q128UCo4YEYmzq9AEI7PVM9aAtYsZU7auizjNsLWfI7\nb4oM4U4T5kT6jWd4hq6/3aegRECqCYZcdSCCNru/GByiRBAZauBvQQ8kYedK/RiT\nSaylgNFrGHoMSs42CwsCmhoqWwUsCjcZ7E6SPbzu0jK2+zSV+a1cc9mODGwH6Ofq\nU9w20fDg345fzDz5BouZngWl8ssgEsG/fNMvMOaEDwKCAQASbzn/ZYDZaZqQn/hb\n/4Uu3z5APbelDLtKVBTwutc1rjWayecVp6s/MP7K1jEl2KrNyrTH3c3rcPORg+6A\n+ls52yIUBiLPH1epoFbUuFKG2A20qMjPphopbIDlKSO6nVnunR+nWZaH1HdeYr3M\ng5TzP+WXC1Fj9YZuUYvyVhAytqIPh00oHxP7TCxldcJP4ZJbfJhBpRR5MHU5Bkmq\nlNeGxhP/SrisaRlE/PHNu6jUvsTOcU+dpB1N6b7S501wBmZ9TO2/CL8puW9rYEHB\nzHjcznxvXwS/OPhjZYfX8EB8C0RJE9zrpD6JVpRa5deGN5l22dLmFVvlRpuY/5Ae\noMuHAoIBAHCH06weDxXK5eljweBiGmSAH7qVbvUroUgyqLfgS+JNiGlX52W9Zw2N\n9rZVseQdecwmwRD33HsOZ53Me/xHfJCy1nL3GDLfkLHuQ/Kysc0Ci2Chq95UFRfx\nMXAL6PRKHtCHKtJ2gZy4LT7vwiNUXR6+768D7oyQQTGJOpUdPhnq57AWhifHXhmg\n51bIRwAwL5u6dbTg2L8tA97FtolX5P0P6XHcAmreEqxsCk7ylq0oui1Ji3JoqLp8\nmkoeKIA6HWO0XD7sh9TX/mFxwYbRzPl3G6cBjO+zMAz+Bd0MqPpzC/YVAJH8MsjB\ny/i1a3Bch5UsdJC1YizpsC0ruP9WNKsCggEANibRdu0MY95xGlNi8vHztgD9sPb+\nKt86/ole5y+cyQ4GrAWkPjX/3glDShjhJaXUS2RH5w9rS4JjXZRv7UgR4iEx6tra\nLeUypCjUBedBXcMBJ1KX3ZrWoz/bApF6VVAcbwdMXuoveYuUG1fLkkZsNDmRu5gH\nXyqCQEYAGvP1EIhRL8N2mYDbzWKOsPWIsx8udJyYCEzGNU/P3HBgmmSM8EN7THp0\nRA1G9LQs8wZqqLc9TqImVHEFqSY2nSssTlV8ytIfw5nCb+P70+xuJjaoT4CUQ7xe\n02E/Rp6T7v2tlGzEE7iDnAHRkqnCU1WiF3yK4fNCnO0N38X80OPQElPNcQ==\n-----END RSA PRIVATE KEY-----\n",
            "private_key_pem_pkcs8": "-----BEGIN PRIVATE KEY-----\nMIIJQQIBADANBgkqhkiG9w0BAQEFAASCCSswggknAgEAAoICAQDdO7nBeTfcMF+D\nvSQ3zeEfPhXg5OI/JbEh/7sK4luNpm4zHrrk9diZgW7bmClbsaYhnJTtAeXfCuDz\n/9Ha4IzEjLi3o6Mho7+YbiQ/5SC5lqKJ/Nxlyj1LVFT7xWAS1VKHKFEsKPCDFjoP\nEXH3s+nlyoAjxOnktOLfWqSFyqvzGQ53wQbFl7RK8H1vTkXYuvqryuRbdDYuHnZd\nSimyIsYx+5cwLBQb18mDiVDrypXqd+qJcCcHrdPanRuLysBd44I4sISvWJwJ/ASE\nThYhJshO8FKkDBN2FKQ5EuwnOSTV2CQ0RwAuNQmeN33oObJqvZMHwqLPD6Y1fsdV\nyq+ErBVbgViv2qWh9sbkrO/hqSFoHL2wWe/6OWL28Ieus/43akPuKF6zorrkiA27\nbXcj+L3PDUURFPKDTncqVoq6bkjZFFCscO37IuzYgp+Da2/jp3y0jNNZhkWysl/Z\nUwFdw6DuP/dtbCJM7MLckIGqYW1iCAbbQ4OTRDG8y69YHKeZP1ibMZ1CoLiMTFIw\nwrbeJ7wwToT9j8MdfccfJVsWFhU8x34AD/MBl9CaXgElL/8uiBd6sGDKih6LzCKH\n8JeoR6GXARygXaQuEUgvh4ZMy9VwjeFWwch52o4ejtvm+kYpVx274Ytf9wn3k96O\nsIdtWwgG2Zpa3vYssh5PLudAmFYKBQIDAQABAoICAHPJWoMD6lR3jMXqLBZ4ziYH\n3HOD11WtaHOe4EnmBnywamSe5LoIYYCV2Wtcy+iNpaFZziftIl4F145ciXzAoWwN\nKnASWMK2bQReQOKgDOyVBiSqDr/HhSTz0jajKpEwzKyoUTOHiblR3LkeLEO0CeqW\nfVI7MR7d/Q9g5VKQrEXjC0tp3x1zNI00KLIkiTHRSni3C6VBwUmJ7/ELa58rzAdE\n4e/4Yd3gpjsNlyiRMr0wXbPo2sSOGZ8FMvGK//sjo3gACrGq8p/XIpYMOFDJd3S5\nGsd4+oaGbxzf5nDw23KAWRJzRojogUwpRuBPsi1jYpxhJcyxKBA/dhxUpGAPoGz2\nvHF8rd6ebN5GI4cyf7zK6zbW1wNqnIaGbz/dFOM83szKwJfJVonJnGDpeE4hoYNv\nGC1RMnaRdD3PaQfgo5lIF6Fv/wH2lCnWOQ40QSaFulBbbhrbDq1AZhaBkdQ+eCKG\nHKz15UZdO7ET3OKcPY96eoxHI3tZGl7D2ekR6hNbfuEqYlkfUUO1d4KCiz0ACWBF\nD/LuuPjFgfOnxyb2/wMMkDF7Jnuwv3OKxDcEcUtAUi3jDTpnhgEq3wD3oJTlkYiD\nolKYrl6OSmK087vCCCCSSdyfuE+Ir28AXL6naUaF0jLdXAaPdPg+Je2i32HA/bgs\nVMbV92HgpgBFrrUlumLRAoIBAQDvYMBFxRJ1f3ddALWWY2A952fN4kU5sP2RfjaE\nlE/DaDMt+x/H8DhYrSsOM6Kr10BkGk28q1UGSHvjxcVPBQgtXWDJr7JbG0c2uv0p\nmc4lxHqVWp2ReEFOtJc9U3wbcgC1VpkbTSTYo32vQRZUxxyzZnPmR1bAL5kgG01y\nyX/pn1xgCZIasTtqedJUnTr5C4a5Shf0GNxA+RJi4qqTU3H0njGtQZVV9tqFG8km\n4KGF8I6x8WUJxqEZKUZ8yRWF86ZOY3h3OXq5K4cd9gOnpty19jkBcXlKmXf6noWt\n70hlov2IMwcGgDy+xp3S98DnQNvbcXSBqV0b+VlNt1HTguyrAoIBAQDsmG42/Y3k\nAsHOn0Wz7uhLclkhdcq4dqUwqP5JtawrRsZ12xCpKBfO9jRRV7CD7LMEyuXn4Obm\nr/SrBfw+rOsd0M1usjGSbGNz0Ogy+ULsYe6hpvYaht1/lm2VuLR8PCz+rXbxQKjh\ngRibOr0AQjs9Uz1oC1ixlTtq6LOM2wtZ8jtvigzhThPmRPqNZ3iGrr/dp6BEQKoJ\nhlx1III2u78YHKJEEBlq4G9BDyRh50r9GJNJrKWA0WsYegxKzjYLCwKaGipbBSwK\nNxnsTpI9vO7SMrb7NJX5rVxz2Y4MbAfo5+pT3DbR8ODfjl/MPPkGi5meBaXyyyAS\nwb980y8w5oQPAoIBABJvOf9lgNlpmpCf+Fv/hS7fPkA9t6UMu0pUFPC61zWuNZrJ\n5xWnqz8w/srWMSXYqs3KtMfdzetw85GD7oD6WznbIhQGIs8fV6mgVtS4UobYDbSo\nyM+mGilsgOUpI7qdWe6dH6dZlofUd15ivcyDlPM/5ZcLUWP1hm5Ri/JWEDK2og+H\nTSgfE/tMLGV1wk/hklt8mEGlFHkwdTkGSaqU14bGE/9KuKxpGUT88c27qNS+xM5x\nT52kHU3pvtLnTXAGZn1M7b8Ivym5b2tgQcHMeNzOfG9fBL84+GNlh9fwQHwLREkT\n3OukPolWlFrl14Y3mXbZ0uYVW+VGm5j/kB6gy4cCggEAcIfTrB4PFcrl6WPB4GIa\nZIAfupVu9SuhSDKot+BL4k2IaVfnZb1nDY32tlWx5B15zCbBEPfcew5nncx7/Ed8\nkLLWcvcYMt+Qse5D8rKxzQKLYKGr3lQVF/ExcAvo9Eoe0Icq0naBnLgtPu/CI1Rd\nHr7vrwPujJBBMYk6lR0+GernsBaGJ8deGaDnVshHADAvm7p1tODYvy0D3sW2iVfk\n/Q/pcdwCat4SrGwKTvKWrSi6LUmLcmiounyaSh4ogDodY7RcPuyH1Nf+YXHBhtHM\n+XcbpwGM77MwDP4F3Qyo+nML9hUAkfwyyMHL+LVrcFyHlSx0kLViLOmwLSu4/1Y0\nqwKCAQA2JtF27Qxj3nEaU2Ly8fO2AP2w9v4q3zr+iV7nL5zJDgasBaQ+Nf/eCUNK\nGOElpdRLZEfnD2tLgmNdlG/tSBHiITHq2tot5TKkKNQF50FdwwEnUpfdmtajP9sC\nkXpVUBxvB0xe6i95i5QbV8uSRmw0OZG7mAdfKoJARgAa8/UQiFEvw3aZgNvNYo6w\n9YizHy50nJgITMY1T8/ccGCaZIzwQ3tMenREDUb0tCzzBmqotz1OoiZUcQWpJjad\nKyxOVXzK0h/DmcJv4/vT7G4mNqhPgJRDvF7TYT9GnpPu/a2UbMQTuIOcAdGSqcJT\nVaIXfIrh80Kc7Q3fxfzQ49ASU81x\n-----END PRIVATE KEY-----\n",
            "public_key_fingerprint_md5": "de:cf:60:b0:89:b1:2b:fe:06:7a:01:2e:d3:10:dd:0e",
            "public_key_fingerprint_sha256": "SHA256:i0WrOKB/iDbdLEMeyteJ0QNQmCNP2Ej7bXXvW8JpyTc",
            "public_key_openssh": "ssh-rsa AAAAB3NzaC1yc2EAAAADAQABAAACAQDdO7nBeTfcMF+DvSQ3zeEfPhXg5OI/JbEh/7sK4luNpm4zHrrk9diZgW7bmClbsaYhnJTtAeXfCuDz/9Ha4IzEjLi3o6Mho7+YbiQ/5SC5lqKJ/Nxlyj1LVFT7xWAS1VKHKFEsKPCDFjoPEXH3s+nlyoAjxOnktOLfWqSFyqvzGQ53wQbFl7RK8H1vTkXYuvqryuRbdDYuHnZdSimyIsYx+5cwLBQb18mDiVDrypXqd+qJcCcHrdPanRuLysBd44I4sISvWJwJ/ASEThYhJshO8FKkDBN2FKQ5EuwnOSTV2CQ0RwAuNQmeN33oObJqvZMHwqLPD6Y1fsdVyq+ErBVbgViv2qWh9sbkrO/hqSFoHL2wWe/6OWL28Ieus/43akPuKF6zorrkiA27bXcj+L3PDUURFPKDTncqVoq6bkjZFFCscO37IuzYgp+Da2/jp3y0jNNZhkWysl/ZUwFdw6DuP/dtbCJM7MLckIGqYW1iCAbbQ4OTRDG8y69YHKeZP1ibMZ1CoLiMTFIwwrbeJ7wwToT9j8MdfccfJVsWFhU8x34AD/MBl9CaXgElL/8uiBd6sGDKih6LzCKH8JeoR6GXARygXaQuEUgvh4ZMy9VwjeFWwch52o4ejtvm+kYpVx274Ytf9wn3k96OsIdtWwgG2Zpa3vYssh5PLudAmFYKBQ==\n",
            "public_key_pem": "-----BEGIN PUBLIC KEY-----\nMIICIjANBgkqhkiG9w0BAQEFAAOCAg8AMIICCgKCAgEA3Tu5wXk33DBfg70kN83h\nHz4V4OTiPyWxIf+7CuJbjaZuMx665PXYmYFu25gpW7GmIZyU7QHl3wrg8//R2uCM\nxIy4t6OjIaO/mG4kP+UguZaiifzcZco9S1RU+8VgEtVShyhRLCjwgxY6DxFx97Pp\n5cqAI8Tp5LTi31qkhcqr8xkOd8EGxZe0SvB9b05F2Lr6q8rkW3Q2Lh52XUopsiLG\nMfuXMCwUG9fJg4lQ68qV6nfqiXAnB63T2p0bi8rAXeOCOLCEr1icCfwEhE4WISbI\nTvBSpAwTdhSkORLsJzkk1dgkNEcALjUJnjd96Dmyar2TB8Kizw+mNX7HVcqvhKwV\nW4FYr9qlofbG5Kzv4akhaBy9sFnv+jli9vCHrrP+N2pD7ihes6K65IgNu213I/i9\nzw1FERTyg053KlaKum5I2RRQrHDt+yLs2IKfg2tv46d8tIzTWYZFsrJf2VMBXcOg\n7j/3bWwiTOzC3JCBqmFtYggG20ODk0QxvMuvWBynmT9YmzGdQqC4jExSMMK23ie8\nME6E/Y/DHX3HHyVbFhYVPMd+AA/zAZfQml4BJS//LogXerBgyooei8wih/CXqEeh\nlwEcoF2kLhFIL4eGTMvVcI3hVsHIedqOHo7b5vpGKVcdu+GLX/cJ95PejrCHbVsI\nBtmaWt72LLIeTy7nQJhWCgUCAwEAAQ==\n-----END PUBLIC KEY-----\n",
            "rsa_bits": 4096
          },
          "sensitive_attributes": [
            [
              {
                "type": "get_attr",
                "value": "private_key_openssh"
              }
            ],
            [
              {
                "type": "get_attr",
                "value": "private_key_pem"
              }
            ],
            [
              {
                "type": "get_attr",
                "value": "private_key_pem_pkcs8"
              }
            ]
          ]
        }
      ]
    }
  ],
  "check_results": null
}
