{
  "version": 4,
  "terraform_version": "1.9.8",
  "serial": 94,
  "lineage": "ae105efe-8fca-ccc2-87e0-15af529876ef",
  "outputs": {
    "private_vm_private_ip": {
      "value": "10.0.2.136",
      "type": "string"
    },
    "public_vm_public_ip": {
      "value": "34.239.129.151",
      "type": "string"
    }
  },
  "resources": [
    {
      "module": "module.ec2",
      "mode": "managed",
      "type": "aws_instance",
      "name": "private_vm",
      "provider": "provider[\"registry.terraform.io/hashicorp/aws\"]",
      "instances": [
        {
          "schema_version": 1,
          "attributes": {
            "ami": "ami-01184db239e4c756c",
            "arn": "arn:aws:ec2:us-east-1:980921722839:instance/i-06e9b0f84c870602d",
            "associate_public_ip_address": false,
            "availability_zone": "us-east-1a",
            "capacity_reservation_specification": [
              {
                "capacity_reservation_preference": "open",
                "capacity_reservation_target": []
              }
            ],
            "cpu_core_count": 1,
            "cpu_options": [
              {
                "amd_sev_snp": "",
                "core_count": 1,
                "threads_per_core": 1
              }
            ],
            "cpu_threads_per_core": 1,
            "credit_specification": [
              {
                "cpu_credits": "standard"
              }
            ],
            "disable_api_stop": false,
            "disable_api_termination": false,
            "ebs_block_device": [],
            "ebs_optimized": false,
            "enclave_options": [
              {
                "enabled": false
              }
            ],
            "ephemeral_block_device": [],
            "get_password_data": false,
            "hibernation": false,
            "host_id": "",
            "host_resource_group_arn": null,
            "iam_instance_profile": "",
            "id": "i-06e9b0f84c870602d",
            "instance_initiated_shutdown_behavior": "stop",
            "instance_lifecycle": "",
            "instance_market_options": [],
            "instance_state": "running",
            "instance_type": "t2.micro",
            "ipv6_address_count": 0,
            "ipv6_addresses": [],
            "key_name": "generated-key",
            "launch_template": [],
            "maintenance_options": [
              {
                "auto_recovery": "default"
              }
            ],
            "metadata_options": [
              {
                "http_endpoint": "enabled",
                "http_protocol_ipv6": "disabled",
                "http_put_response_hop_limit": 1,
                "http_tokens": "optional",
                "instance_metadata_tags": "disabled"
              }
            ],
            "monitoring": false,
            "network_interface": [],
            "outpost_arn": "",
            "password_data": "",
            "placement_group": "",
            "placement_partition_number": 0,
            "primary_network_interface_id": "eni-020b5a7db5e11782b",
            "private_dns": "ip-10-0-2-136.ec2.internal",
            "private_dns_name_options": [
              {
                "enable_resource_name_dns_a_record": false,
                "enable_resource_name_dns_aaaa_record": false,
                "hostname_type": "ip-name"
              }
            ],
            "private_ip": "10.0.2.136",
            "public_dns": "",
            "public_ip": "",
            "root_block_device": [
              {
                "delete_on_termination": true,
                "device_name": "/dev/xvda",
                "encrypted": false,
                "iops": 0,
                "kms_key_id": "",
                "tags": {},
                "tags_all": {},
                "throughput": 0,
                "volume_id": "vol-015aaee923872dcd5",
                "volume_size": 8,
                "volume_type": "standard"
              }
            ],
            "secondary_private_ips": [],
            "security_groups": [],
            "source_dest_check": true,
            "spot_instance_request_id": "",
            "subnet_id": "subnet-0ef6f749ae894bd28",
            "tags": {
              "Name": "private_vm"
            },
            "tags_all": {
              "Name": "private_vm"
            },
            "tenancy": "default",
            "timeouts": null,
            "user_data": null,
            "user_data_base64": null,
            "user_data_replace_on_change": false,
            "volume_tags": null,
            "vpc_security_group_ids": [
              "sg-03499638efe140b45"
            ]
          },
          "sensitive_attributes": [],
          "private": "eyJlMmJmYjczMC1lY2FhLTExZTYtOGY4OC0zNDM2M2JjN2M0YzAiOnsiY3JlYXRlIjo2MDAwMDAwMDAwMDAsImRlbGV0ZSI6MTIwMDAwMDAwMDAwMCwicmVhZCI6OTAwMDAwMDAwMDAwLCJ1cGRhdGUiOjYwMDAwMDAwMDAwMH0sInNjaGVtYV92ZXJzaW9uIjoiMSJ9",
          "dependencies": [
            "module.networking.aws_subnet.private",
            "module.networking.aws_vpc.main",
            "module.ssh-key.aws_key_pair.generated_key",
            "module.ssh-key.tls_private_key.ssh_key"
          ]
        }
      ]
    },
    {
      "module": "module.ec2",
      "mode": "managed",
      "type": "aws_instance",
      "name": "public_vm",
      "provider": "provider[\"registry.terraform.io/hashicorp/aws\"]",
      "instances": [
        {
          "schema_version": 1,
          "attributes": {
            "ami": "ami-01184db239e4c756c",
            "arn": "arn:aws:ec2:us-east-1:980921722839:instance/i-03d1b983caafa0371",
            "associate_public_ip_address": true,
            "availability_zone": "us-east-1a",
            "capacity_reservation_specification": [
              {
                "capacity_reservation_preference": "open",
                "capacity_reservation_target": []
              }
            ],
            "cpu_core_count": 1,
            "cpu_options": [
              {
                "amd_sev_snp": "",
                "core_count": 1,
                "threads_per_core": 1
              }
            ],
            "cpu_threads_per_core": 1,
            "credit_specification": [
              {
                "cpu_credits": "standard"
              }
            ],
            "disable_api_stop": false,
            "disable_api_termination": false,
            "ebs_block_device": [],
            "ebs_optimized": false,
            "enclave_options": [
              {
                "enabled": false
              }
            ],
            "ephemeral_block_device": [],
            "get_password_data": false,
            "hibernation": false,
            "host_id": "",
            "host_resource_group_arn": null,
            "iam_instance_profile": "",
            "id": "i-03d1b983caafa0371",
            "instance_initiated_shutdown_behavior": "stop",
            "instance_lifecycle": "",
            "instance_market_options": [],
            "instance_state": "running",
            "instance_type": "t2.micro",
            "ipv6_address_count": 0,
            "ipv6_addresses": [],
            "key_name": "generated-key",
            "launch_template": [],
            "maintenance_options": [
              {
                "auto_recovery": "default"
              }
            ],
            "metadata_options": [
              {
                "http_endpoint": "enabled",
                "http_protocol_ipv6": "disabled",
                "http_put_response_hop_limit": 1,
                "http_tokens": "optional",
                "instance_metadata_tags": "disabled"
              }
            ],
            "monitoring": false,
            "network_interface": [],
            "outpost_arn": "",
            "password_data": "",
            "placement_group": "",
            "placement_partition_number": 0,
            "primary_network_interface_id": "eni-0fbd831f3fe18c45f",
            "private_dns": "ip-10-0-1-192.ec2.internal",
            "private_dns_name_options": [
              {
                "enable_resource_name_dns_a_record": false,
                "enable_resource_name_dns_aaaa_record": false,
                "hostname_type": "ip-name"
              }
            ],
            "private_ip": "10.0.1.192",
            "public_dns": "",
            "public_ip": "34.239.129.151",
            "root_block_device": [
              {
                "delete_on_termination": true,
                "device_name": "/dev/xvda",
                "encrypted": false,
                "iops": 0,
                "kms_key_id": "",
                "tags": {},
                "tags_all": {},
                "throughput": 0,
                "volume_id": "vol-0c34d1eee5fec9689",
                "volume_size": 8,
                "volume_type": "standard"
              }
            ],
            "secondary_private_ips": [],
            "security_groups": [],
            "source_dest_check": true,
            "spot_instance_request_id": "",
            "subnet_id": "subnet-0dad38c0ae5c15fc4",
            "tags": {
              "Name": "public_vm"
            },
            "tags_all": {
              "Name": "public_vm"
            },
            "tenancy": "default",
            "timeouts": null,
            "user_data": "60b8b8b1f392d8f6d767aa8d0f104822ac8ecd4e",
            "user_data_base64": null,
            "user_data_replace_on_change": false,
            "volume_tags": null,
            "vpc_security_group_ids": [
              "sg-03499638efe140b45"
            ]
          },
          "sensitive_attributes": [],
          "private": "eyJlMmJmYjczMC1lY2FhLTExZTYtOGY4OC0zNDM2M2JjN2M0YzAiOnsiY3JlYXRlIjo2MDAwMDAwMDAwMDAsImRlbGV0ZSI6MTIwMDAwMDAwMDAwMCwicmVhZCI6OTAwMDAwMDAwMDAwLCJ1cGRhdGUiOjYwMDAwMDAwMDAwMH0sInNjaGVtYV92ZXJzaW9uIjoiMSJ9",
          "dependencies": [
            "module.networking.aws_subnet.public",
            "module.networking.aws_vpc.main",
            "module.ssh-key.aws_key_pair.generated_key",
            "module.ssh-key.tls_private_key.ssh_key"
          ]
        }
      ]
    },
    {
      "module": "module.networking",
      "mode": "managed",
      "type": "aws_internet_gateway",
      "name": "igw",
      "provider": "provider[\"registry.terraform.io/hashicorp/aws\"]",
      "instances": [
        {
          "schema_version": 0,
          "attributes": {
            "arn": "arn:aws:ec2:us-east-1:980921722839:internet-gateway/igw-0b3bdd8400508dfd5",
            "id": "igw-0b3bdd8400508dfd5",
            "owner_id": "980921722839",
            "tags": {
              "Name": "custom_igw"
            },
            "tags_all": {
              "Name": "custom_igw"
            },
            "timeouts": null,
            "vpc_id": "vpc-05e05d92dcda7db33"
          },
          "sensitive_attributes": [],
          "private": "eyJlMmJmYjczMC1lY2FhLTExZTYtOGY4OC0zNDM2M2JjN2M0YzAiOnsiY3JlYXRlIjoxMjAwMDAwMDAwMDAwLCJkZWxldGUiOjEyMDAwMDAwMDAwMDAsInVwZGF0ZSI6MTIwMDAwMDAwMDAwMH19",
          "dependencies": [
            "module.networking.aws_vpc.custom_vpc"
          ]
        }
      ]
    },
    {
      "module": "module.networking",
      "mode": "managed",
      "type": "aws_route",
      "name": "public_internet_route",
      "provider": "provider[\"registry.terraform.io/hashicorp/aws\"]",
      "instances": [
        {
          "schema_version": 0,
          "attributes": {
            "carrier_gateway_id": "",
            "core_network_arn": "",
            "destination_cidr_block": "0.0.0.0/0",
            "destination_ipv6_cidr_block": "",
            "destination_prefix_list_id": "",
            "egress_only_gateway_id": "",
            "gateway_id": "igw-0b3bdd8400508dfd5",
            "id": "r-rtb-0c61c08d20c118c5c1080289494",
            "instance_id": "",
            "instance_owner_id": "",
            "local_gateway_id": "",
            "nat_gateway_id": "",
            "network_interface_id": "",
            "origin": "CreateRoute",
            "route_table_id": "rtb-0c61c08d20c118c5c",
            "state": "active",
            "timeouts": null,
            "transit_gateway_id": "",
            "vpc_endpoint_id": "",
            "vpc_peering_connection_id": ""
          },
          "sensitive_attributes": [],
          "private": "eyJlMmJmYjczMC1lY2FhLTExZTYtOGY4OC0zNDM2M2JjN2M0YzAiOnsiY3JlYXRlIjozMDAwMDAwMDAwMDAsImRlbGV0ZSI6MzAwMDAwMDAwMDAwLCJ1cGRhdGUiOjEyMDAwMDAwMDAwMH19",
          "dependencies": [
            "module.networking.aws_internet_gateway.igw",
            "module.networking.aws_route_table.public_rt",
            "module.networking.aws_vpc.custom_vpc"
          ]
        }
      ]
    },
    {
      "module": "module.networking",
      "mode": "managed",
      "type": "aws_route_table",
      "name": "public_rt",
      "provider": "provider[\"registry.terraform.io/hashicorp/aws\"]",
      "instances": [
        {
          "schema_version": 0,
          "attributes": {
            "arn": "arn:aws:ec2:us-east-1:980921722839:route-table/rtb-0c61c08d20c118c5c",
            "id": "rtb-0c61c08d20c118c5c",
            "owner_id": "980921722839",
            "propagating_vgws": [],
            "route": [],
            "tags": {
              "Name": "public_rt"
            },
            "tags_all": {
              "Name": "public_rt"
            },
            "timeouts": null,
            "vpc_id": "vpc-05e05d92dcda7db33"
          },
          "sensitive_attributes": [],
          "private": "eyJlMmJmYjczMC1lY2FhLTExZTYtOGY4OC0zNDM2M2JjN2M0YzAiOnsiY3JlYXRlIjozMDAwMDAwMDAwMDAsImRlbGV0ZSI6MzAwMDAwMDAwMDAwLCJ1cGRhdGUiOjEyMDAwMDAwMDAwMH19",
          "dependencies": [
            "module.networking.aws_vpc.custom_vpc"
          ]
        }
      ]
    },
    {
      "module": "module.networking",
      "mode": "managed",
      "type": "aws_route_table_association",
      "name": "public_subnet_association",
      "provider": "provider[\"registry.terraform.io/hashicorp/aws\"]",
      "instances": [
        {
          "schema_version": 0,
          "attributes": {
            "gateway_id": "",
            "id": "rtbassoc-081878a23aeafbd22",
            "route_table_id": "rtb-0c61c08d20c118c5c",
            "subnet_id": "subnet-05fc0200d36c7767f",
            "timeouts": null
          },
          "sensitive_attributes": [],
          "private": "eyJlMmJmYjczMC1lY2FhLTExZTYtOGY4OC0zNDM2M2JjN2M0YzAiOnsiY3JlYXRlIjozMDAwMDAwMDAwMDAsImRlbGV0ZSI6MzAwMDAwMDAwMDAwLCJ1cGRhdGUiOjEyMDAwMDAwMDAwMH19",
          "dependencies": [
            "module.networking.aws_route_table.public_rt",
            "module.networking.aws_subnet.public_subnet",
            "module.networking.aws_vpc.custom_vpc"
          ]
        }
      ]
    },
    {
      "module": "module.networking",
      "mode": "managed",
      "type": "aws_subnet",
      "name": "private",
      "provider": "provider[\"registry.terraform.io/hashicorp/aws\"]",
      "instances": [
        {
          "schema_version": 1,
          "attributes": {
            "arn": "arn:aws:ec2:us-east-1:980921722839:subnet/subnet-0ef6f749ae894bd28",
            "assign_ipv6_address_on_creation": false,
            "availability_zone": "us-east-1a",
            "availability_zone_id": "use1-az2",
            "cidr_block": "10.0.2.0/24",
            "customer_owned_ipv4_pool": "",
            "enable_dns64": false,
            "enable_lni_at_device_index": 0,
            "enable_resource_name_dns_a_record_on_launch": false,
            "enable_resource_name_dns_aaaa_record_on_launch": false,
            "id": "subnet-0ef6f749ae894bd28",
            "ipv6_cidr_block": "",
            "ipv6_cidr_block_association_id": "",
            "ipv6_native": false,
            "map_customer_owned_ip_on_launch": false,
            "map_public_ip_on_launch": false,
            "outpost_arn": "",
            "owner_id": "980921722839",
            "private_dns_hostname_type_on_launch": "ip-name",
            "tags": {
              "Name": "private-subnet"
            },
            "tags_all": {
              "Name": "private-subnet"
            },
            "timeouts": null,
            "vpc_id": "vpc-0f6aa967251347009"
          },
          "sensitive_attributes": [],
          "private": "eyJlMmJmYjczMC1lY2FhLTExZTYtOGY4OC0zNDM2M2JjN2M0YzAiOnsiY3JlYXRlIjo2MDAwMDAwMDAwMDAsImRlbGV0ZSI6MTIwMDAwMDAwMDAwMH0sInNjaGVtYV92ZXJzaW9uIjoiMSJ9",
          "dependencies": [
            "module.networking.aws_vpc.main"
          ]
        }
      ]
    },
    {
      "module": "module.networking",
      "mode": "managed",
      "type": "aws_subnet",
      "name": "private_subnet",
      "provider": "provider[\"registry.terraform.io/hashicorp/aws\"]",
      "instances": [
        {
          "schema_version": 1,
          "attributes": {
            "arn": "arn:aws:ec2:us-east-1:980921722839:subnet/subnet-0202de7a66da19fae",
            "assign_ipv6_address_on_creation": false,
            "availability_zone": "us-east-1a",
            "availability_zone_id": "use1-az2",
            "cidr_block": "10.0.2.0/24",
            "customer_owned_ipv4_pool": "",
            "enable_dns64": false,
            "enable_lni_at_device_index": 0,
            "enable_resource_name_dns_a_record_on_launch": false,
            "enable_resource_name_dns_aaaa_record_on_launch": false,
            "id": "subnet-0202de7a66da19fae",
            "ipv6_cidr_block": "",
            "ipv6_cidr_block_association_id": "",
            "ipv6_native": false,
            "map_customer_owned_ip_on_launch": false,
            "map_public_ip_on_launch": false,
            "outpost_arn": "",
            "owner_id": "980921722839",
            "private_dns_hostname_type_on_launch": "ip-name",
            "tags": {
              "Name": "private_subnet"
            },
            "tags_all": {
              "Name": "private_subnet"
            },
            "timeouts": null,
            "vpc_id": "vpc-05e05d92dcda7db33"
          },
          "sensitive_attributes": [],
          "private": "eyJlMmJmYjczMC1lY2FhLTExZTYtOGY4OC0zNDM2M2JjN2M0YzAiOnsiY3JlYXRlIjo2MDAwMDAwMDAwMDAsImRlbGV0ZSI6MTIwMDAwMDAwMDAwMH0sInNjaGVtYV92ZXJzaW9uIjoiMSJ9",
          "dependencies": [
            "module.networking.aws_vpc.custom_vpc"
          ]
        }
      ]
    },
    {
      "module": "module.networking",
      "mode": "managed",
      "type": "aws_subnet",
      "name": "public",
      "provider": "provider[\"registry.terraform.io/hashicorp/aws\"]",
      "instances": [
        {
          "schema_version": 1,
          "attributes": {
            "arn": "arn:aws:ec2:us-east-1:980921722839:subnet/subnet-0dad38c0ae5c15fc4",
            "assign_ipv6_address_on_creation": false,
            "availability_zone": "us-east-1a",
            "availability_zone_id": "use1-az2",
            "cidr_block": "10.0.1.0/24",
            "customer_owned_ipv4_pool": "",
            "enable_dns64": false,
            "enable_lni_at_device_index": 0,
            "enable_resource_name_dns_a_record_on_launch": false,
            "enable_resource_name_dns_aaaa_record_on_launch": false,
            "id": "subnet-0dad38c0ae5c15fc4",
            "ipv6_cidr_block": "",
            "ipv6_cidr_block_association_id": "",
            "ipv6_native": false,
            "map_customer_owned_ip_on_launch": false,
            "map_public_ip_on_launch": true,
            "outpost_arn": "",
            "owner_id": "980921722839",
            "private_dns_hostname_type_on_launch": "ip-name",
            "tags": {
              "Name": "public-subnet"
            },
            "tags_all": {
              "Name": "public-subnet"
            },
            "timeouts": null,
            "vpc_id": "vpc-0f6aa967251347009"
          },
          "sensitive_attributes": [],
          "private": "eyJlMmJmYjczMC1lY2FhLTExZTYtOGY4OC0zNDM2M2JjN2M0YzAiOnsiY3JlYXRlIjo2MDAwMDAwMDAwMDAsImRlbGV0ZSI6MTIwMDAwMDAwMDAwMH0sInNjaGVtYV92ZXJzaW9uIjoiMSJ9",
          "dependencies": [
            "module.networking.aws_vpc.main"
          ]
        }
      ]
    },
    {
      "module": "module.networking",
      "mode": "managed",
      "type": "aws_subnet",
      "name": "public_subnet",
      "provider": "provider[\"registry.terraform.io/hashicorp/aws\"]",
      "instances": [
        {
          "schema_version": 1,
          "attributes": {
            "arn": "arn:aws:ec2:us-east-1:980921722839:subnet/subnet-05fc0200d36c7767f",
            "assign_ipv6_address_on_creation": false,
            "availability_zone": "us-east-1a",
            "availability_zone_id": "use1-az2",
            "cidr_block": "10.0.1.0/24",
            "customer_owned_ipv4_pool": "",
            "enable_dns64": false,
            "enable_lni_at_device_index": 0,
            "enable_resource_name_dns_a_record_on_launch": false,
            "enable_resource_name_dns_aaaa_record_on_launch": false,
            "id": "subnet-05fc0200d36c7767f",
            "ipv6_cidr_block": "",
            "ipv6_cidr_block_association_id": "",
            "ipv6_native": false,
            "map_customer_owned_ip_on_launch": false,
            "map_public_ip_on_launch": true,
            "outpost_arn": "",
            "owner_id": "980921722839",
            "private_dns_hostname_type_on_launch": "ip-name",
            "tags": {
              "Name": "public_subnet"
            },
            "tags_all": {
              "Name": "public_subnet"
            },
            "timeouts": null,
            "vpc_id": "vpc-05e05d92dcda7db33"
          },
          "sensitive_attributes": [],
          "private": "eyJlMmJmYjczMC1lY2FhLTExZTYtOGY4OC0zNDM2M2JjN2M0YzAiOnsiY3JlYXRlIjo2MDAwMDAwMDAwMDAsImRlbGV0ZSI6MTIwMDAwMDAwMDAwMH0sInNjaGVtYV92ZXJzaW9uIjoiMSJ9",
          "dependencies": [
            "module.networking.aws_vpc.custom_vpc"
          ]
        }
      ]
    },
    {
      "module": "module.networking",
      "mode": "managed",
      "type": "aws_vpc",
      "name": "custom_vpc",
      "provider": "provider[\"registry.terraform.io/hashicorp/aws\"]",
      "instances": [
        {
          "schema_version": 1,
          "attributes": {
            "arn": "arn:aws:ec2:us-east-1:980921722839:vpc/vpc-05e05d92dcda7db33",
            "assign_generated_ipv6_cidr_block": false,
            "cidr_block": "10.0.0.0/16",
            "default_network_acl_id": "acl-00b7020d41e7ccdc0",
            "default_route_table_id": "rtb-01164c13a00637c9a",
            "default_security_group_id": "sg-08538b572c1096ab6",
            "dhcp_options_id": "dopt-00c625ef7b339b97f",
            "enable_dns_hostnames": true,
            "enable_dns_support": true,
            "enable_network_address_usage_metrics": false,
            "id": "vpc-05e05d92dcda7db33",
            "instance_tenancy": "default",
            "ipv4_ipam_pool_id": null,
            "ipv4_netmask_length": null,
            "ipv6_association_id": "",
            "ipv6_cidr_block": "",
            "ipv6_cidr_block_network_border_group": "",
            "ipv6_ipam_pool_id": "",
            "ipv6_netmask_length": 0,
            "main_route_table_id": "rtb-01164c13a00637c9a",
            "owner_id": "980921722839",
            "tags": {
              "Name": "custom_vpc"
            },
            "tags_all": {
              "Name": "custom_vpc"
            }
          },
          "sensitive_attributes": [],
          "private": "eyJzY2hlbWFfdmVyc2lvbiI6IjEifQ=="
        }
      ]
    },
    {
      "module": "module.networking",
      "mode": "managed",
      "type": "aws_vpc",
      "name": "main",
      "provider": "provider[\"registry.terraform.io/hashicorp/aws\"]",
      "instances": [
        {
          "schema_version": 1,
          "attributes": {
            "arn": "arn:aws:ec2:us-east-1:980921722839:vpc/vpc-0f6aa967251347009",
            "assign_generated_ipv6_cidr_block": false,
            "cidr_block": "10.0.0.0/16",
            "default_network_acl_id": "acl-031fbfe531ef89abd",
            "default_route_table_id": "rtb-01748cf8eaee4a99a",
            "default_security_group_id": "sg-03499638efe140b45",
            "dhcp_options_id": "dopt-00c625ef7b339b97f",
            "enable_dns_hostnames": false,
            "enable_dns_support": true,
            "enable_network_address_usage_metrics": false,
            "id": "vpc-0f6aa967251347009",
            "instance_tenancy": "default",
            "ipv4_ipam_pool_id": null,
            "ipv4_netmask_length": null,
            "ipv6_association_id": "",
            "ipv6_cidr_block": "",
            "ipv6_cidr_block_network_border_group": "",
            "ipv6_ipam_pool_id": "",
            "ipv6_netmask_length": 0,
            "main_route_table_id": "rtb-01748cf8eaee4a99a",
            "owner_id": "980921722839",
            "tags": {
              "Name": "main-vpc"
            },
            "tags_all": {
              "Name": "main-vpc"
            }
          },
          "sensitive_attributes": [],
          "private": "eyJzY2hlbWFfdmVyc2lvbiI6IjEifQ=="
        }
      ]
    },
    {
      "module": "module.ssh-key",
      "mode": "managed",
      "type": "aws_key_pair",
      "name": "generated_key",
      "provider": "provider[\"registry.terraform.io/hashicorp/aws\"]",
      "instances": [
        {
          "schema_version": 1,
          "attributes": {
            "arn": "arn:aws:ec2:us-east-1:980921722839:key-pair/generated-key",
            "fingerprint": "cc:cd:d0:31:2a:74:ae:b0:54:ff:1b:e1:c5:67:18:82",
            "id": "generated-key",
            "key_name": "generated-key",
            "key_name_prefix": "",
            "key_pair_id": "key-0b803be67320d27e7",
            "key_type": "rsa",
            "public_key": "ssh-rsa AAAAB3NzaC1yc2EAAAADAQABAAACAQCrPIMOdzH0VpL5HZ4FTHVpxwJ9MkmggUVAernouwP1uUSlYy4/7BUHEUth3L9IQQtJYHx+Lo/AMNdn8uugJtODjonTJZtaGYcdpx+6pqUpbu0hTaPsxO5wGLBusNyZXmoK+8wKbZkMmBW20tz9GUR8NsuZ2purOwctB8cRgRdoJbEb2sTFX2q6dmRLLWNORmp77K2nhi0FfrVh419MhZktNKK2K9K3/KaP5YJICZoZdYJQ93oWYgIy6gvVk9oen5BC/3/mj2DNMBKqJaOfsQbTRnQWilJwhOR3mlTl5LMpN+7Qr9NVD62xmZSkmYqmDHtYQGgCa65/zcaHyWs2X0XehLev+txe9NkXcWjWSPxHG9fO5lFl1RmepLgncI419zl3rX6aF8oEqsQdwnLSJcAKeNS04SINETSkyY3YqhmltfhBSm/NpyO2YQ+bJJPcLzeQxL6kyPLR8CtoojXeTZL30y6Ppxsn3xZULp+B2T4fjolvLVWL3WIOmGUv3ACE91WxsOSdMVC6r2S2kr1GsQyGgAU15cbdFXgBMpwp9Ob9/mXvKUcVCw+2yCK6kpnmxIuU3TME0dAy/9Ilv4BStcfNaux2E2LUOODUjNKn7jslN+4YvRPAF9dJdeXqX73S+ULDE78Ce0MosTWXns/qijhCv3djOkY5wxl6fx7oX8X5Sw==",
            "tags": null,
            "tags_all": {}
          },
          "sensitive_attributes": [],
          "private": "eyJzY2hlbWFfdmVyc2lvbiI6IjEifQ==",
          "dependencies": [
            "module.ssh-key.tls_private_key.ssh_key"
          ]
        }
      ]
    },
    {
      "module": "module.ssh-key",
      "mode": "managed",
      "type": "tls_private_key",
      "name": "ssh_key",
      "provider": "provider[\"registry.terraform.io/hashicorp/tls\"]",
      "instances": [
        {
          "schema_version": 1,
          "attributes": {
            "algorithm": "RSA",
            "ecdsa_curve": "P224",
            "id": "46d7715add2526577b469012e30c25eb107524b2",
            "private_key_openssh": "-----BEGIN OPENSSH PRIVATE KEY-----\nb3BlbnNzaC1rZXktdjEAAAAABG5vbmUAAAAEbm9uZQAAAAAAAAABAAACFwAAAAdz\nc2gtcnNhAAAAAwEAAQAAAgEAqzyDDncx9FaS+R2eBUx1accCfTJJoIFFQHq56LsD\n9blEpWMuP+wVBxFLYdy/SEELSWB8fi6PwDDXZ/LroCbTg46J0yWbWhmHHacfuqal\nKW7tIU2j7MTucBiwbrDcmV5qCvvMCm2ZDJgVttLc/RlEfDbLmdqbqzsHLQfHEYEX\naCWxG9rExV9qunZkSy1jTkZqe+ytp4YtBX61YeNfTIWZLTSitivSt/ymj+WCSAma\nGXWCUPd6FmICMuoL1ZPaHp+QQv9/5o9gzTASqiWjn7EG00Z0FopScITkd5pU5eSz\nKTfu0K/TVQ+tsZmUpJmKpgx7WEBoAmuuf83Gh8lrNl9F3oS3r/rcXvTZF3Fo1kj8\nRxvXzuZRZdUZnqS4J3CONfc5d61+mhfKBKrEHcJy0iXACnjUtOEiDRE0pMmN2KoZ\npbX4QUpvzacjtmEPmyST3C83kMS+pMjy0fAraKI13k2S99Muj6cbJ98WVC6fgdk+\nH46Jby1Vi91iDphlL9wAhPdVsbDknTFQuq9ktpK9RrEMhoAFNeXG3RV4ATKcKfTm\n/f5l7ylHFQsPtsgiupKZ5sSLlN0zBNHQMv/SJb+AUrXHzWrsdhNi1Djg1IzSp+47\nJTfuGL0TwBfXSXXl6l+90vlCwxO/AntDKLE1l57P6oo4Qr93YzpGOcMZen8e6F/F\n+UsAAAc4Nj1XMDY9VzAAAAAHc3NoLXJzYQAAAgEAqzyDDncx9FaS+R2eBUx1accC\nfTJJoIFFQHq56LsD9blEpWMuP+wVBxFLYdy/SEELSWB8fi6PwDDXZ/LroCbTg46J\n0yWbWhmHHacfuqalKW7tIU2j7MTucBiwbrDcmV5qCvvMCm2ZDJgVttLc/RlEfDbL\nmdqbqzsHLQfHEYEXaCWxG9rExV9qunZkSy1jTkZqe+ytp4YtBX61YeNfTIWZLTSi\ntivSt/ymj+WCSAmaGXWCUPd6FmICMuoL1ZPaHp+QQv9/5o9gzTASqiWjn7EG00Z0\nFopScITkd5pU5eSzKTfu0K/TVQ+tsZmUpJmKpgx7WEBoAmuuf83Gh8lrNl9F3oS3\nr/rcXvTZF3Fo1kj8RxvXzuZRZdUZnqS4J3CONfc5d61+mhfKBKrEHcJy0iXACnjU\ntOEiDRE0pMmN2KoZpbX4QUpvzacjtmEPmyST3C83kMS+pMjy0fAraKI13k2S99Mu\nj6cbJ98WVC6fgdk+H46Jby1Vi91iDphlL9wAhPdVsbDknTFQuq9ktpK9RrEMhoAF\nNeXG3RV4ATKcKfTm/f5l7ylHFQsPtsgiupKZ5sSLlN0zBNHQMv/SJb+AUrXHzWrs\ndhNi1Djg1IzSp+47JTfuGL0TwBfXSXXl6l+90vlCwxO/AntDKLE1l57P6oo4Qr93\nYzpGOcMZen8e6F/F+UsAAAADAQABAAACAD1OpP2A33nDpUtbtz/eaAs/HT0FzCaT\nIeA8EGOq0XggpNsx71UjiUPGhV68Uh/kac4TpX7n3L/KvNSSvJnSTNhFKENYq45O\npXmQZGPHVkrHVE8gJRiYSWYI8OIwoEqo6v6TuDHjm3BO4zdZt5VGfqaaV7r18dYU\nhDUzG6rAtUisdgSrBthDmUq5KJ9h2LQlseo8is/30hatjvNFHNGg436z4a2ncwI8\nisXqPgLcrTeAQvAKKsPowzDHawVEsktUhan3ICvEGbxdAdG5OCPslaz/BIEtdOak\nLchEkTDd+OdBB1fgG6HQwzda7UUhU+qvfVnTdWmodAl9+x6SlrgY1EKIr33AyqRz\nCwR9HbgIWl4wHDkMD32n+SFkavU2wiIp7ODFZ0XJ37VSr4ffPnsN2SxF59OsXQsv\nrqtYDIVabCHbTSU6qkSi2WCep15b+H3wxBcA/3ieJmlIZJNiDfZjJAw1rdwitYbZ\ndWiqdTbP2U96YuP+A+2ODGWJAIwacASfa8Dq6HCwVavaKsYfpMw0IW32vsfgGq2b\nrG1NwM0W/2Swldads8+ZbBAS9BXEnX0nI0ChQayMAFA2CJuv2rFw8ta/VC32UgUq\nKtv1ealoMtDGUGKJ9ztM3JLVN1QNm9Hwxw30bSukHSXwvUrPZhVRY561EXyTL/BO\n4GWySfdyY16BAAABAGSy31b6zHLAB0HikCqAUycG8VM86W0HWYlQGLEKQVO8YsS8\n62ce4NOvWY/8CELZG9dtPWAowaUw7h47TpUar1Bf+nH6sh5cDipTo1ttKm5pa/9q\nqWbGxNr2RH531z/726Zx64ykF83NtDlBkEjABHhxMxYuyFANlQxgv/Jc5C2Y3MKd\n6XYyz0hGuzDVfIf/bTX9C9a5AVUuPLnJX4jtZtYShdG6Uj5s76bFEoiSEjn+KXat\nWmBME5xTb1bRsv6oAzF0u08rSdkgiOBxd7JA3ODRA9k0XvIHEszBNIc4POssLPv8\nYgZvzo3Jv5coyjijzOJZQaH6Rs3ko9YWCrCfUGkAAAEBAN/bfMiMTO6pt547vs7a\nvM9YknA1yheJWrnxzsUampPWGBZJHuIVaatMSIkCvN2vlE4GyH2Ud4bGa9mgL64H\nowB6c/HOgwE35JVSLyqD9DTE2hBD3YWf8FaBNp65Wjddwx7yS5id0ZZKcdahLeYl\nasHctXa3wkL6hUXEsWX0XJCOZzy0vuqHds8A9zlurwxUwrrW8mEPLrs0vcB1/ov1\nzoVJZYulXXcpvKIxhbmWJUYyAB46SOpLYzdof2EB2Mrl0VRgEjRx+IbTOveu1rSK\njdGel8hqnxkbokJ1VpqXiyAGBzhWHzzeEb0CflVV7LmnMa0fpySLIUEXiaqZgMGL\nQjMAAAEBAMPSyl3zJP1gFUi4xmmbwHlr2MgPdRSComI3nxaN9M8EpG6I44ACpRi6\nI8rICfmNE/v55Yj9T5Nmgi5smO+o9n7dBY7s4tAwCWUCJVQmfdQyNt4hS8izxWvH\nC3MbMOT0L/jRJnYpymGgIeMOz3yQuiuzHWFXksSgwTZH7wXuffHQzQsVeDwRfU9t\nm3MGBLySYokUGBBXhUKsmlsKNUZqpIT0TxkF3BeRYkmCFnc4+pz7UX04/3yLZjBb\nfccTinYjn+TaRpqZRpIx17ljXwoTH3YCP9E0X+GU/YECrK3YsPlYrZeOl9FIcERg\niMh2iTX6lyFabCuW7C5iE4oSm/CuRIkAAAAAAQID\n-----END OPENSSH PRIVATE KEY-----\n",
            "private_key_pem": "-----BEGIN RSA PRIVATE KEY-----\nMIIJKAIBAAKCAgEAqzyDDncx9FaS+R2eBUx1accCfTJJoIFFQHq56LsD9blEpWMu\nP+wVBxFLYdy/SEELSWB8fi6PwDDXZ/LroCbTg46J0yWbWhmHHacfuqalKW7tIU2j\n7MTucBiwbrDcmV5qCvvMCm2ZDJgVttLc/RlEfDbLmdqbqzsHLQfHEYEXaCWxG9rE\nxV9qunZkSy1jTkZqe+ytp4YtBX61YeNfTIWZLTSitivSt/ymj+WCSAmaGXWCUPd6\nFmICMuoL1ZPaHp+QQv9/5o9gzTASqiWjn7EG00Z0FopScITkd5pU5eSzKTfu0K/T\nVQ+tsZmUpJmKpgx7WEBoAmuuf83Gh8lrNl9F3oS3r/rcXvTZF3Fo1kj8RxvXzuZR\nZdUZnqS4J3CONfc5d61+mhfKBKrEHcJy0iXACnjUtOEiDRE0pMmN2KoZpbX4QUpv\nzacjtmEPmyST3C83kMS+pMjy0fAraKI13k2S99Muj6cbJ98WVC6fgdk+H46Jby1V\ni91iDphlL9wAhPdVsbDknTFQuq9ktpK9RrEMhoAFNeXG3RV4ATKcKfTm/f5l7ylH\nFQsPtsgiupKZ5sSLlN0zBNHQMv/SJb+AUrXHzWrsdhNi1Djg1IzSp+47JTfuGL0T\nwBfXSXXl6l+90vlCwxO/AntDKLE1l57P6oo4Qr93YzpGOcMZen8e6F/F+UsCAwEA\nAQKCAgA9TqT9gN95w6VLW7c/3mgLPx09BcwmkyHgPBBjqtF4IKTbMe9VI4lDxoVe\nvFIf5GnOE6V+59y/yrzUkryZ0kzYRShDWKuOTqV5kGRjx1ZKx1RPICUYmElmCPDi\nMKBKqOr+k7gx45twTuM3WbeVRn6mmle69fHWFIQ1MxuqwLVIrHYEqwbYQ5lKuSif\nYdi0JbHqPIrP99IWrY7zRRzRoON+s+Gtp3MCPIrF6j4C3K03gELwCirD6MMwx2sF\nRLJLVIWp9yArxBm8XQHRuTgj7JWs/wSBLXTmpC3IRJEw3fjnQQdX4Buh0MM3Wu1F\nIVPqr31Z03VpqHQJffsekpa4GNRCiK99wMqkcwsEfR24CFpeMBw5DA99p/khZGr1\nNsIiKezgxWdFyd+1Uq+H3z57DdksRefTrF0LL66rWAyFWmwh200lOqpEotlgnqde\nW/h98MQXAP94niZpSGSTYg32YyQMNa3cIrWG2XVoqnU2z9lPemLj/gPtjgxliQCM\nGnAEn2vA6uhwsFWr2irGH6TMNCFt9r7H4Bqtm6xtTcDNFv9ksJXWnbPPmWwQEvQV\nxJ19JyNAoUGsjABQNgibr9qxcPLWv1Qt9lIFKirb9XmpaDLQxlBiifc7TNyS1TdU\nDZvR8McN9G0rpB0l8L1Kz2YVUWOetRF8ky/wTuBlskn3cmNegQKCAQEA39t8yIxM\n7qm3nju+ztq8z1iScDXKF4laufHOxRqak9YYFkke4hVpq0xIiQK83a+UTgbIfZR3\nhsZr2aAvrgejAHpz8c6DATfklVIvKoP0NMTaEEPdhZ/wVoE2nrlaN13DHvJLmJ3R\nlkpx1qEt5iVqwdy1drfCQvqFRcSxZfRckI5nPLS+6od2zwD3OW6vDFTCutbyYQ8u\nuzS9wHX+i/XOhUlli6Vddym8ojGFuZYlRjIAHjpI6ktjN2h/YQHYyuXRVGASNHH4\nhtM6967WtIqN0Z6XyGqfGRuiQnVWmpeLIAYHOFYfPN4RvQJ+VVXsuacxrR+nJIsh\nQReJqpmAwYtCMwKCAQEAw9LKXfMk/WAVSLjGaZvAeWvYyA91FIKiYjefFo30zwSk\nbojjgAKlGLojysgJ+Y0T+/nliP1Pk2aCLmyY76j2ft0Fjuzi0DAJZQIlVCZ91DI2\n3iFLyLPFa8cLcxsw5PQv+NEmdinKYaAh4w7PfJC6K7MdYVeSxKDBNkfvBe598dDN\nCxV4PBF9T22bcwYEvJJiiRQYEFeFQqyaWwo1RmqkhPRPGQXcF5FiSYIWdzj6nPtR\nfTj/fItmMFt9xxOKdiOf5NpGmplGkjHXuWNfChMfdgI/0TRf4ZT9gQKsrdiw+Vit\nl46X0UhwRGCIyHaJNfqXIVpsK5bsLmITihKb8K5EiQKCAQEAqR7BHyIf3Q8LUdgB\nR3Wpv1xDBdMdYrq6eFBezjpTHe1ZNTz4wAU9V9TB2ADhfvnvKSOmxHkt8/xj7n4+\nh1PtqabZgY1rG7iGUOlOCOi3zkYKGM+sxA8ZG8Fy6mdN6RZFG1QiGKLifJCxgF00\nt/L8vIlp7s7VTJTHqvX2r/f1FqD/DbXfpn/BGpK4NAOS69X9Z/qMExfNTlGCKaz7\nKfICnF/e/6lm+2fkwwR26sasUmPkAvI1tAxQYMPpt/gVOPR3OS97kXOpNvLOUeEd\nBDjI+9y8/wTOPcHKzDqpuxFSYlcrjTxDTVDYRdtkZkQMHBZcSVboh4s1DGAj+WcP\nBymWUQKCAQASELo2nJ3G+jw8bz9usr249egT3MkyUTLl2LfGfuYcyxLYV6yVPKk6\ndMGkjXvOF+PGFTHFx4i10nkkC0S4p1/GKGHA472w8x2Kwf3rm3l0QAWrzGqPY3ZN\nERnPTqzeEmDylWj08boH85vstIsTtM5YBbgqKMgTd7kbZtt4Mp5P1rFz2lEzSXHE\nCBqVK/L36pFIkCAAMfLLSd0blP+BNYlj8p3xcwbw7aqhmWy1Jv6HyO+lm8KGHN4a\ni/Y4jWbyqyqvFCv7SzSlfA+ovLAh383BN0fn5usJhpM0eaiwiRMajcHF/5Ol7Qbe\naAF2bOkPn8SdgRgFlXDIfqfKzxivxYPxAoIBAGSy31b6zHLAB0HikCqAUycG8VM8\n6W0HWYlQGLEKQVO8YsS862ce4NOvWY/8CELZG9dtPWAowaUw7h47TpUar1Bf+nH6\nsh5cDipTo1ttKm5pa/9qqWbGxNr2RH531z/726Zx64ykF83NtDlBkEjABHhxMxYu\nyFANlQxgv/Jc5C2Y3MKd6XYyz0hGuzDVfIf/bTX9C9a5AVUuPLnJX4jtZtYShdG6\nUj5s76bFEoiSEjn+KXatWmBME5xTb1bRsv6oAzF0u08rSdkgiOBxd7JA3ODRA9k0\nXvIHEszBNIc4POssLPv8YgZvzo3Jv5coyjijzOJZQaH6Rs3ko9YWCrCfUGk=\n-----END RSA PRIVATE KEY-----\n",
            "private_key_pem_pkcs8": "-----BEGIN PRIVATE KEY-----\nMIIJQgIBADANBgkqhkiG9w0BAQEFAASCCSwwggkoAgEAAoICAQCrPIMOdzH0VpL5\nHZ4FTHVpxwJ9MkmggUVAernouwP1uUSlYy4/7BUHEUth3L9IQQtJYHx+Lo/AMNdn\n8uugJtODjonTJZtaGYcdpx+6pqUpbu0hTaPsxO5wGLBusNyZXmoK+8wKbZkMmBW2\n0tz9GUR8NsuZ2purOwctB8cRgRdoJbEb2sTFX2q6dmRLLWNORmp77K2nhi0FfrVh\n419MhZktNKK2K9K3/KaP5YJICZoZdYJQ93oWYgIy6gvVk9oen5BC/3/mj2DNMBKq\nJaOfsQbTRnQWilJwhOR3mlTl5LMpN+7Qr9NVD62xmZSkmYqmDHtYQGgCa65/zcaH\nyWs2X0XehLev+txe9NkXcWjWSPxHG9fO5lFl1RmepLgncI419zl3rX6aF8oEqsQd\nwnLSJcAKeNS04SINETSkyY3YqhmltfhBSm/NpyO2YQ+bJJPcLzeQxL6kyPLR8Cto\nojXeTZL30y6Ppxsn3xZULp+B2T4fjolvLVWL3WIOmGUv3ACE91WxsOSdMVC6r2S2\nkr1GsQyGgAU15cbdFXgBMpwp9Ob9/mXvKUcVCw+2yCK6kpnmxIuU3TME0dAy/9Il\nv4BStcfNaux2E2LUOODUjNKn7jslN+4YvRPAF9dJdeXqX73S+ULDE78Ce0MosTWX\nns/qijhCv3djOkY5wxl6fx7oX8X5SwIDAQABAoICAD1OpP2A33nDpUtbtz/eaAs/\nHT0FzCaTIeA8EGOq0XggpNsx71UjiUPGhV68Uh/kac4TpX7n3L/KvNSSvJnSTNhF\nKENYq45OpXmQZGPHVkrHVE8gJRiYSWYI8OIwoEqo6v6TuDHjm3BO4zdZt5VGfqaa\nV7r18dYUhDUzG6rAtUisdgSrBthDmUq5KJ9h2LQlseo8is/30hatjvNFHNGg436z\n4a2ncwI8isXqPgLcrTeAQvAKKsPowzDHawVEsktUhan3ICvEGbxdAdG5OCPslaz/\nBIEtdOakLchEkTDd+OdBB1fgG6HQwzda7UUhU+qvfVnTdWmodAl9+x6SlrgY1EKI\nr33AyqRzCwR9HbgIWl4wHDkMD32n+SFkavU2wiIp7ODFZ0XJ37VSr4ffPnsN2SxF\n59OsXQsvrqtYDIVabCHbTSU6qkSi2WCep15b+H3wxBcA/3ieJmlIZJNiDfZjJAw1\nrdwitYbZdWiqdTbP2U96YuP+A+2ODGWJAIwacASfa8Dq6HCwVavaKsYfpMw0IW32\nvsfgGq2brG1NwM0W/2Swldads8+ZbBAS9BXEnX0nI0ChQayMAFA2CJuv2rFw8ta/\nVC32UgUqKtv1ealoMtDGUGKJ9ztM3JLVN1QNm9Hwxw30bSukHSXwvUrPZhVRY561\nEXyTL/BO4GWySfdyY16BAoIBAQDf23zIjEzuqbeeO77O2rzPWJJwNcoXiVq58c7F\nGpqT1hgWSR7iFWmrTEiJArzdr5ROBsh9lHeGxmvZoC+uB6MAenPxzoMBN+SVUi8q\ng/Q0xNoQQ92Fn/BWgTaeuVo3XcMe8kuYndGWSnHWoS3mJWrB3LV2t8JC+oVFxLFl\n9FyQjmc8tL7qh3bPAPc5bq8MVMK61vJhDy67NL3Adf6L9c6FSWWLpV13KbyiMYW5\nliVGMgAeOkjqS2M3aH9hAdjK5dFUYBI0cfiG0zr3rta0io3RnpfIap8ZG6JCdVaa\nl4sgBgc4Vh883hG9An5VVey5pzGtH6ckiyFBF4mqmYDBi0IzAoIBAQDD0spd8yT9\nYBVIuMZpm8B5a9jID3UUgqJiN58WjfTPBKRuiOOAAqUYuiPKyAn5jRP7+eWI/U+T\nZoIubJjvqPZ+3QWO7OLQMAllAiVUJn3UMjbeIUvIs8VrxwtzGzDk9C/40SZ2Kcph\noCHjDs98kLorsx1hV5LEoME2R+8F7n3x0M0LFXg8EX1PbZtzBgS8kmKJFBgQV4VC\nrJpbCjVGaqSE9E8ZBdwXkWJJghZ3OPqc+1F9OP98i2YwW33HE4p2I5/k2kaamUaS\nMde5Y18KEx92Aj/RNF/hlP2BAqyt2LD5WK2XjpfRSHBEYIjIdok1+pchWmwrluwu\nYhOKEpvwrkSJAoIBAQCpHsEfIh/dDwtR2AFHdam/XEMF0x1iurp4UF7OOlMd7Vk1\nPPjABT1X1MHYAOF++e8pI6bEeS3z/GPufj6HU+2pptmBjWsbuIZQ6U4I6LfORgoY\nz6zEDxkbwXLqZ03pFkUbVCIYouJ8kLGAXTS38vy8iWnuztVMlMeq9fav9/UWoP8N\ntd+mf8Eakrg0A5Lr1f1n+owTF81OUYIprPsp8gKcX97/qWb7Z+TDBHbqxqxSY+QC\n8jW0DFBgw+m3+BU49Hc5L3uRc6k28s5R4R0EOMj73Lz/BM49wcrMOqm7EVJiVyuN\nPENNUNhF22RmRAwcFlxJVuiHizUMYCP5Zw8HKZZRAoIBABIQujacncb6PDxvP26y\nvbj16BPcyTJRMuXYt8Z+5hzLEthXrJU8qTp0waSNe84X48YVMcXHiLXSeSQLRLin\nX8YoYcDjvbDzHYrB/eubeXRABavMao9jdk0RGc9OrN4SYPKVaPTxugfzm+y0ixO0\nzlgFuCooyBN3uRtm23gynk/WsXPaUTNJccQIGpUr8vfqkUiQIAAx8stJ3RuU/4E1\niWPynfFzBvDtqqGZbLUm/ofI76WbwoYc3hqL9jiNZvKrKq8UK/tLNKV8D6i8sCHf\nzcE3R+fm6wmGkzR5qLCJExqNwcX/k6XtBt5oAXZs6Q+fxJ2BGAWVcMh+p8rPGK/F\ng/ECggEAZLLfVvrMcsAHQeKQKoBTJwbxUzzpbQdZiVAYsQpBU7xixLzrZx7g069Z\nj/wIQtkb1209YCjBpTDuHjtOlRqvUF/6cfqyHlwOKlOjW20qbmlr/2qpZsbE2vZE\nfnfXP/vbpnHrjKQXzc20OUGQSMAEeHEzFi7IUA2VDGC/8lzkLZjcwp3pdjLPSEa7\nMNV8h/9tNf0L1rkBVS48uclfiO1m1hKF0bpSPmzvpsUSiJISOf4pdq1aYEwTnFNv\nVtGy/qgDMXS7TytJ2SCI4HF3skDc4NED2TRe8gcSzME0hzg86yws+/xiBm/Ojcm/\nlyjKOKPM4llBofpGzeSj1hYKsJ9QaQ==\n-----END PRIVATE KEY-----\n",
            "public_key_fingerprint_md5": "44:d9:68:c8:98:b6:5c:0a:38:5d:30:b4:d4:8c:4e:6d",
            "public_key_fingerprint_sha256": "SHA256:ga4S4pvYK5drIyGryudMtUGR0ZUCz+2i6W2pyLihLhw",
            "public_key_openssh": "ssh-rsa AAAAB3NzaC1yc2EAAAADAQABAAACAQCrPIMOdzH0VpL5HZ4FTHVpxwJ9MkmggUVAernouwP1uUSlYy4/7BUHEUth3L9IQQtJYHx+Lo/AMNdn8uugJtODjonTJZtaGYcdpx+6pqUpbu0hTaPsxO5wGLBusNyZXmoK+8wKbZkMmBW20tz9GUR8NsuZ2purOwctB8cRgRdoJbEb2sTFX2q6dmRLLWNORmp77K2nhi0FfrVh419MhZktNKK2K9K3/KaP5YJICZoZdYJQ93oWYgIy6gvVk9oen5BC/3/mj2DNMBKqJaOfsQbTRnQWilJwhOR3mlTl5LMpN+7Qr9NVD62xmZSkmYqmDHtYQGgCa65/zcaHyWs2X0XehLev+txe9NkXcWjWSPxHG9fO5lFl1RmepLgncI419zl3rX6aF8oEqsQdwnLSJcAKeNS04SINETSkyY3YqhmltfhBSm/NpyO2YQ+bJJPcLzeQxL6kyPLR8CtoojXeTZL30y6Ppxsn3xZULp+B2T4fjolvLVWL3WIOmGUv3ACE91WxsOSdMVC6r2S2kr1GsQyGgAU15cbdFXgBMpwp9Ob9/mXvKUcVCw+2yCK6kpnmxIuU3TME0dAy/9Ilv4BStcfNaux2E2LUOODUjNKn7jslN+4YvRPAF9dJdeXqX73S+ULDE78Ce0MosTWXns/qijhCv3djOkY5wxl6fx7oX8X5Sw==\n",
            "public_key_pem": "-----BEGIN PUBLIC KEY-----\nMIICIjANBgkqhkiG9w0BAQEFAAOCAg8AMIICCgKCAgEAqzyDDncx9FaS+R2eBUx1\naccCfTJJoIFFQHq56LsD9blEpWMuP+wVBxFLYdy/SEELSWB8fi6PwDDXZ/LroCbT\ng46J0yWbWhmHHacfuqalKW7tIU2j7MTucBiwbrDcmV5qCvvMCm2ZDJgVttLc/RlE\nfDbLmdqbqzsHLQfHEYEXaCWxG9rExV9qunZkSy1jTkZqe+ytp4YtBX61YeNfTIWZ\nLTSitivSt/ymj+WCSAmaGXWCUPd6FmICMuoL1ZPaHp+QQv9/5o9gzTASqiWjn7EG\n00Z0FopScITkd5pU5eSzKTfu0K/TVQ+tsZmUpJmKpgx7WEBoAmuuf83Gh8lrNl9F\n3oS3r/rcXvTZF3Fo1kj8RxvXzuZRZdUZnqS4J3CONfc5d61+mhfKBKrEHcJy0iXA\nCnjUtOEiDRE0pMmN2KoZpbX4QUpvzacjtmEPmyST3C83kMS+pMjy0fAraKI13k2S\n99Muj6cbJ98WVC6fgdk+H46Jby1Vi91iDphlL9wAhPdVsbDknTFQuq9ktpK9RrEM\nhoAFNeXG3RV4ATKcKfTm/f5l7ylHFQsPtsgiupKZ5sSLlN0zBNHQMv/SJb+AUrXH\nzWrsdhNi1Djg1IzSp+47JTfuGL0TwBfXSXXl6l+90vlCwxO/AntDKLE1l57P6oo4\nQr93YzpGOcMZen8e6F/F+UsCAwEAAQ==\n-----END PUBLIC KEY-----\n",
            "rsa_bits": 4096
          },
          "sensitive_attributes": [
            [
              {
                "type": "get_attr",
                "value": "private_key_pem"
              }
            ],
            [
              {
                "type": "get_attr",
                "value": "private_key_openssh"
              }
            ],
            [
              {
                "type": "get_attr",
                "value": "private_key_pem_pkcs8"
              }
            ]
          ]
        }
      ]
    }
  ],
  "check_results": null
}
